// !$*UTF8*$!
{
	archiveVersion = 1;
	classes = {
	};
	objectVersion = 77;
	objects = {

/* Begin PBXBuildFile section */
		41AD10032F68A00300BEABB8 /* TelemetryDeck in Frameworks */ = {isa = PBXBuildFile; productRef = 41AD10022F68A00200BEABB8 /* TelemetryDeck */; };
		41AD10122F68B00300BEABB8 /* Sentry in Frameworks */ = {isa = PBXBuildFile; productRef = 41AD10112F68B00200BEABB8 /* Sentry */; };
		41AD10142F68B00500BEABB8 /* CrashReporter.swift in Sources */ = {isa = PBXBuildFile; fileRef = 41AD10132F68B00400BEABB8 /* CrashReporter.swift */; };
		41AD10162F68B00700BEABB8 /* CrashReporterTests.swift in Sources */ = {isa = PBXBuildFile; fileRef = 41AD10152F68B00600BEABB8 /* CrashReporterTests.swift */; };
		41EA00023005200100C45A51 /* AppHangReportingTests.swift in Sources */ = {isa = PBXBuildFile; fileRef = 41EA00013005200100C45A51 /* AppHangReportingTests.swift */; };
		41AD10222F68C00300BEABB8 /* Sparkle in Frameworks */ = {isa = PBXBuildFile; productRef = 41AD10212F68C00200BEABB8 /* Sparkle */; };
		41AD10312F68D00200BEABB8 /* UpdaterService.swift in Sources */ = {isa = PBXBuildFile; fileRef = 41AD10302F68D00100BEABB8 /* UpdaterService.swift */; };
		41DF1BB73027E71B004C0E14 /* AppIcon.icon in Resources */ = {isa = PBXBuildFile; fileRef = 41DF1BB63027E71B004C0E14 /* AppIcon.icon */; };
		41DFD48630028F7D00608C7A /* Baloo2.ttf in Resources */ = {isa = PBXBuildFile; fileRef = 41DFD46530028F7D00608C7A /* Baloo2.ttf */; };
		41DFD48730028F7D00608C7A /* JetBrainsMono.ttf in Resources */ = {isa = PBXBuildFile; fileRef = 41DFD46630028F7D00608C7A /* JetBrainsMono.ttf */; };
		41DFD48830028F7D00608C7A /* Nunito.ttf in Resources */ = {isa = PBXBuildFile; fileRef = 41DFD46730028F7D00608C7A /* Nunito.ttf */; };
		41DFD48930028F7D00608C7A /* categories.json in Resources */ = {isa = PBXBuildFile; fileRef = 41DFD46930028F7D00608C7A /* categories.json */; };
		41DFD48A30028F7D00608C7A /* Assets.xcassets in Resources */ = {isa = PBXBuildFile; fileRef = 41DFD48430028F7D00608C7A /* Assets.xcassets */; };
		41DFD48B30028F7D00608C7A /* Askpass.swift in Sources */ = {isa = PBXBuildFile; fileRef = 41DFD44E30028F7D00608C7A /* Askpass.swift */; };
		41DFD48C30028F7D00608C7A /* CaskHubApp.swift in Sources */ = {isa = PBXBuildFile; fileRef = 41DFD44F30028F7D00608C7A /* CaskHubApp.swift */; };
		41DFD48D30028F7D00608C7A /* BarrelMark.swift in Sources */ = {isa = PBXBuildFile; fileRef = 41DFD45130028F7D00608C7A /* BarrelMark.swift */; };
		41DFD48E30028F7D00608C7A /* CaskActionsView.swift in Sources */ = {isa = PBXBuildFile; fileRef = 41DFD45230028F7D00608C7A /* CaskActionsView.swift */; };
		41DFD48F30028F7D00608C7A /* Controls.swift in Sources */ = {isa = PBXBuildFile; fileRef = 41DFD45330028F7D00608C7A /* Controls.swift */; };
		41DFD49030028F7D00608C7A /* GlassPanel.swift in Sources */ = {isa = PBXBuildFile; fileRef = 41DFD45430028F7D00608C7A /* GlassPanel.swift */; };
		41DFD49130028F7D00608C7A /* HeroCard.swift in Sources */ = {isa = PBXBuildFile; fileRef = 41DFD45530028F7D00608C7A /* HeroCard.swift */; };
		41DFD49230028F7D00608C7A /* StatusBarView.swift in Sources */ = {isa = PBXBuildFile; fileRef = 41DFD45630028F7D00608C7A /* StatusBarView.swift */; };
		41DFD49330028F7D00608C7A /* TopBarView.swift in Sources */ = {isa = PBXBuildFile; fileRef = 41DFD45730028F7D00608C7A /* TopBarView.swift */; };
		41DFD49430028F7D00608C7A /* ColorTokens.swift in Sources */ = {isa = PBXBuildFile; fileRef = 41DFD45930028F7D00608C7A /* ColorTokens.swift */; };
		41DFD49530028F7D00608C7A /* SurfaceTokens.swift in Sources */ = {isa = PBXBuildFile; fileRef = 41DFD45A30028F7D00608C7A /* SurfaceTokens.swift */; };
		41DFD49630028F7D00608C7A /* TypographyTokens.swift in Sources */ = {isa = PBXBuildFile; fileRef = 41DFD45B30028F7D00608C7A /* TypographyTokens.swift */; };
		41DFD49730028F7D00608C7A /* BrandFonts.swift in Sources */ = {isa = PBXBuildFile; fileRef = 41DFD45D30028F7D00608C7A /* BrandFonts.swift */; };
		41DFD49830028F7D00608C7A /* AppTheme.swift in Sources */ = {isa = PBXBuildFile; fileRef = 41DFD45F30028F7D00608C7A /* AppTheme.swift */; };
		41DFD49930028F7D00608C7A /* Cask.swift in Sources */ = {isa = PBXBuildFile; fileRef = 41DFD46030028F7D00608C7A /* Cask.swift */; };
		41DFD49A30028F7D00608C7A /* CaskAnalytics.swift in Sources */ = {isa = PBXBuildFile; fileRef = 41DFD46130028F7D00608C7A /* CaskAnalytics.swift */; };
		41DFD49B30028F7D00608C7A /* CaskIconURL.swift in Sources */ = {isa = PBXBuildFile; fileRef = 41DFD46230028F7D00608C7A /* CaskIconURL.swift */; };
		41DFD49C30028F7D00608C7A /* SidebarItem.swift in Sources */ = {isa = PBXBuildFile; fileRef = 41DFD46330028F7D00608C7A /* SidebarItem.swift */; };
		41DFD49D30028F7D00608C7A /* Analytics.swift in Sources */ = {isa = PBXBuildFile; fileRef = 41DFD46B30028F7D00608C7A /* Analytics.swift */; };
		41DFD49E30028F7D00608C7A /* Analytics+Events.swift in Sources */ = {isa = PBXBuildFile; fileRef = 41DFD46C30028F7D00608C7A /* Analytics+Events.swift */; };
		41DFD49F30028F7D00608C7A /* BrewAPIClient.swift in Sources */ = {isa = PBXBuildFile; fileRef = 41DFD46D30028F7D00608C7A /* BrewAPIClient.swift */; };
		41DFD4A030028F7D00608C7A /* CaskFlowReleases.swift in Sources */ = {isa = PBXBuildFile; fileRef = 41DFD46E30028F7D00608C7A /* CaskFlowReleases.swift */; };
		41DFD4A130028F7D00608C7A /* CategoryService.swift in Sources */ = {isa = PBXBuildFile; fileRef = 41DFD46F30028F7D00608C7A /* CategoryService.swift */; };
		41DFD4A230028F7D00608C7A /* ImageCacheService.swift in Sources */ = {isa = PBXBuildFile; fileRef = 41DFD47030028F7D00608C7A /* ImageCacheService.swift */; };
		41DFD4A330028F7D00608C7A /* InstallReceipt.swift in Sources */ = {isa = PBXBuildFile; fileRef = 41DFD47130028F7D00608C7A /* InstallReceipt.swift */; };
		41DFD4A430028F7D00608C7A /* LocalHomebrewService.swift in Sources */ = {isa = PBXBuildFile; fileRef = 41DFD47230028F7D00608C7A /* LocalHomebrewService.swift */; };
		41DFD4A630028F7D00608C7A /* RecentlyAddedService.swift in Sources */ = {isa = PBXBuildFile; fileRef = 41DFD47430028F7D00608C7A /* RecentlyAddedService.swift */; };
		41DFD4A730028F7D00608C7A /* CaskCatalogViewModel.swift in Sources */ = {isa = PBXBuildFile; fileRef = 41DFD47630028F7D00608C7A /* CaskCatalogViewModel.swift */; };
		41DFD4A830028F7D00608C7A /* SettingsView.swift in Sources */ = {isa = PBXBuildFile; fileRef = 41DFD47830028F7D00608C7A /* SettingsView.swift */; };
		41DFD4A930028F7D00608C7A /* CaskActionAlerts.swift in Sources */ = {isa = PBXBuildFile; fileRef = 41DFD47A30028F7D00608C7A /* CaskActionAlerts.swift */; };
		41DFD4AA30028F7D00608C7A /* CaskCardView.swift in Sources */ = {isa = PBXBuildFile; fileRef = 41DFD47B30028F7D00608C7A /* CaskCardView.swift */; };
		41DFD4AB30028F7D00608C7A /* CaskIconView.swift in Sources */ = {isa = PBXBuildFile; fileRef = 41DFD47C30028F7D00608C7A /* CaskIconView.swift */; };
		41DFD4AC30028F7D00608C7A /* CaskInfoPopover.swift in Sources */ = {isa = PBXBuildFile; fileRef = 41DFD47D30028F7D00608C7A /* CaskInfoPopover.swift */; };
		41DFD4AD30028F7D00608C7A /* CaskRowView.swift in Sources */ = {isa = PBXBuildFile; fileRef = 41DFD47E30028F7D00608C7A /* CaskRowView.swift */; };
		41DFD4AE30028F7D00608C7A /* SidebarView.swift in Sources */ = {isa = PBXBuildFile; fileRef = 41DFD48030028F7D00608C7A /* SidebarView.swift */; };
		41DFD4AF30028F7D00608C7A /* ContentView.swift in Sources */ = {isa = PBXBuildFile; fileRef = 41DFD48230028F7D00608C7A /* ContentView.swift */; };
		41DFD4B330028F9F00608C7A /* AnalyticsTests.swift in Sources */ = {isa = PBXBuildFile; fileRef = 41DFD4B030028F9F00608C7A /* AnalyticsTests.swift */; };
		41DFD4B430028F9F00608C7A /* CaskHubTests.swift in Sources */ = {isa = PBXBuildFile; fileRef = 41DFD4B130028F9F00608C7A /* CaskHubTests.swift */; };
		41DFD4B630028F9F00608C7A /* CaskCatalogViewModelTests.swift in Sources */ = {isa = PBXBuildFile; fileRef = 41DFD4B530028F9F00608C7A /* CaskCatalogViewModelTests.swift */; };
		41DFD4B830028F9F00608C7A /* SharedTestHelpers.swift in Sources */ = {isa = PBXBuildFile; fileRef = 41DFD4B730028F9F00608C7A /* SharedTestHelpers.swift */; };
		41DFD4E230028F7D00608C7A /* AppearanceSettingsView.swift in Sources */ = {isa = PBXBuildFile; fileRef = 41DFD4E130028F7D00608C7A /* AppearanceSettingsView.swift */; };
		7FFA89946C514C00BF5496DB /* BrewOutputCollector.swift in Sources */ = {isa = PBXBuildFile; fileRef = 5317A6659E48459EB3FFB7EB /* BrewOutputCollector.swift */; };
		A12000000000000000000001 /* LocalHomebrewTypes.swift in Sources */ = {isa = PBXBuildFile; fileRef = B12000000000000000000001 /* LocalHomebrewTypes.swift */; };
		A12000000000000000000005 /* CaskAdoptionPlan.swift in Sources */ = {isa = PBXBuildFile; fileRef = B12000000000000000000005 /* CaskAdoptionPlan.swift */; };
		A12000000000000000000007 /* CaskAdoptionPlanTests.swift in Sources */ = {isa = PBXBuildFile; fileRef = B12000000000000000000006 /* CaskAdoptionPlanTests.swift */; };
		A12000000000000000000009 /* CaskAdoptionWorkflowTests.swift in Sources */ = {isa = PBXBuildFile; fileRef = B12000000000000000000008 /* CaskAdoptionWorkflowTests.swift */; };
		B0E000000000000000000002 /* LocalHomebrewError.swift in Sources */ = {isa = PBXBuildFile; fileRef = B0E000000000000000000001 /* LocalHomebrewError.swift */; };
		B0F000000000000000000002 /* HomebrewCommandFailure.swift in Sources */ = {isa = PBXBuildFile; fileRef = B0F000000000000000000001 /* HomebrewCommandFailure.swift */; };
		B0F000000000000000000004 /* HomebrewCommandFailureTests.swift in Sources */ = {isa = PBXBuildFile; fileRef = B0F000000000000000000003 /* HomebrewCommandFailureTests.swift */; };
		A12000000000000000000002 /* LocalHomebrewService+State.swift in Sources */ = {isa = PBXBuildFile; fileRef = B12000000000000000000002 /* LocalHomebrewService+State.swift */; };
		A12000000000000000000003 /* LocalHomebrewService+Adoption.swift in Sources */ = {isa = PBXBuildFile; fileRef = B12000000000000000000003 /* LocalHomebrewService+Adoption.swift */; };
		A12000000000000000000004 /* ZombieDetectionTests.swift in Sources */ = {isa = PBXBuildFile; fileRef = B12000000000000000000004 /* ZombieDetectionTests.swift */; };
		A1C0D0023A00000100000001 /* IconDiskCache.swift in Sources */ = {isa = PBXBuildFile; fileRef = A1C0D0013A00000100000001 /* IconDiskCache.swift */; };
		A26000000000000000000002 /* UpdateSettingsView.swift in Sources */ = {isa = PBXBuildFile; fileRef = A26000000000000000000001 /* UpdateSettingsView.swift */; };
		A26000000000000000000004 /* UpdateSettingsViewTests.swift in Sources */ = {isa = PBXBuildFile; fileRef = A26000000000000000000003 /* UpdateSettingsViewTests.swift */; };
		A29000000000000000000002 /* ApplicationTerminationCoordinator.swift in Sources */ = {isa = PBXBuildFile; fileRef = A29000000000000000000001 /* ApplicationTerminationCoordinator.swift */; };
		A29000000000000000000004 /* ApplicationTerminationCoordinatorTests.swift in Sources */ = {isa = PBXBuildFile; fileRef = A29000000000000000000003 /* ApplicationTerminationCoordinatorTests.swift */; };
		A29100000000000000000002 /* CaskMetadataProjector.swift in Sources */ = {isa = PBXBuildFile; fileRef = A29100000000000000000001 /* CaskMetadataProjector.swift */; };
		A29100000000000000000004 /* CaskMetadataProjectorTests.swift in Sources */ = {isa = PBXBuildFile; fileRef = A29100000000000000000003 /* CaskMetadataProjectorTests.swift */; };
		A29100000000000000000007 /* InstallationDateIndexTests.swift in Sources */ = {isa = PBXBuildFile; fileRef = A29100000000000000000006 /* InstallationDateIndexTests.swift */; };
		A29100000000000000000407 /* AppManagementPermissionTests.swift in Sources */ = {isa = PBXBuildFile; fileRef = A29100000000000000000406 /* AppManagementPermissionTests.swift */; };
		A29100000000000000000107 /* HomebrewOutputDiagnosticsTests.swift in Sources */ = {isa = PBXBuildFile; fileRef = A29100000000000000000106 /* HomebrewOutputDiagnosticsTests.swift */; };
		A29100000000000000000207 /* CatalogScrollSupport.swift in Sources */ = {isa = PBXBuildFile; fileRef = A29100000000000000000206 /* CatalogScrollSupport.swift */; };
		A29100000000000000000307 /* BrewOutputAggregator.swift in Sources */ = {isa = PBXBuildFile; fileRef = A29100000000000000000306 /* BrewOutputAggregator.swift */; };
		ABCA0F0300ABCA0F0300ABCA /* SettingsViewTests.swift in Sources */ = {isa = PBXBuildFile; fileRef = ABCA0F0400ABCA0F0400ABCA /* SettingsViewTests.swift */; };
		ABCA0F0500ABCA0F0500ABCA /* ContentViewTests.swift in Sources */ = {isa = PBXBuildFile; fileRef = ABCA0F0600ABCA0F0600ABCA /* ContentViewTests.swift */; };
		B08000000000000000000002 /* CaskHubCommands.swift in Sources */ = {isa = PBXBuildFile; fileRef = B08000000000000000000001 /* CaskHubCommands.swift */; };
		B08000000000000000000004 /* CaskHubHelpView.swift in Sources */ = {isa = PBXBuildFile; fileRef = B08000000000000000000003 /* CaskHubHelpView.swift */; };
		B09000000000000000000002 /* ApplicationMenuTests.swift in Sources */ = {isa = PBXBuildFile; fileRef = B09000000000000000000001 /* ApplicationMenuTests.swift */; };
		B09100000000000000000002 /* CaskHubHelpSearch.swift in Sources */ = {isa = PBXBuildFile; fileRef = B09100000000000000000001 /* CaskHubHelpSearch.swift */; };
		B09200000000000000000002 /* HelpViewTests.swift in Sources */ = {isa = PBXBuildFile; fileRef = B09200000000000000000001 /* HelpViewTests.swift */; };
		B0C000000000000000000002 /* ShelfSetupView.swift in Sources */ = {isa = PBXBuildFile; fileRef = B0C000000000000000000001 /* ShelfSetupView.swift */; };
		B0D000000000000000000002 /* ContentView+Catalog.swift in Sources */ = {isa = PBXBuildFile; fileRef = B0D000000000000000000001 /* ContentView+Catalog.swift */; };
		B0C000000000000000000005 /* ShelfSetupViewTests.swift in Sources */ = {isa = PBXBuildFile; fileRef = B0C000000000000000000004 /* ShelfSetupViewTests.swift */; };
		C12000000000000000000001 /* BrewProcessRunner.swift in Sources */ = {isa = PBXBuildFile; fileRef = D12000000000000000000001 /* BrewProcessRunner.swift */; };
		C12000000000000000000002 /* added_dates.json in Resources */ = {isa = PBXBuildFile; fileRef = D12000000000000000000002 /* added_dates.json */; };
		C12000000000000000000010 /* Localizable.xcstrings in Resources */ = {isa = PBXBuildFile; fileRef = D12000000000000000000010 /* Localizable.xcstrings */; };
		C13000000000000000000001 /* LocalHomebrewService+Mutations.swift in Sources */ = {isa = PBXBuildFile; fileRef = D13000000000000000000001 /* LocalHomebrewService+Mutations.swift */; };
		C13000000000000000000002 /* MutationRecoveryTests.swift in Sources */ = {isa = PBXBuildFile; fileRef = D13000000000000000000002 /* MutationRecoveryTests.swift */; };
		C15000000000000000000001 /* ExternalInstallationTests.swift in Sources */ = {isa = PBXBuildFile; fileRef = D15000000000000000000001 /* ExternalInstallationTests.swift */; };
		C15000000000000000000002 /* InstallationCatalogBuilder.swift in Sources */ = {isa = PBXBuildFile; fileRef = D15000000000000000000002 /* InstallationCatalogBuilder.swift */; };
		C26000000000000000000001 /* ExternalApplicationOwnershipTests.swift in Sources */ = {isa = PBXBuildFile; fileRef = D26000000000000000000001 /* ExternalApplicationOwnershipTests.swift */; };
		D62ACB1AD2BC42A29578C0DD /* AppManagementPermission.swift in Sources */ = {isa = PBXBuildFile; fileRef = 41E09E37CC8344C699ACADDB /* AppManagementPermission.swift */; };
		F24000000000000000000001 /* CaskOperationProgress.swift in Sources */ = {isa = PBXBuildFile; fileRef = E24000000000000000000001 /* CaskOperationProgress.swift */; };
		F24000000000000000000002 /* CaskOperationCapsule.swift in Sources */ = {isa = PBXBuildFile; fileRef = E24000000000000000000002 /* CaskOperationCapsule.swift */; };
		F24000000000000000000003 /* CaskOperationProgressTests.swift in Sources */ = {isa = PBXBuildFile; fileRef = E24000000000000000000003 /* CaskOperationProgressTests.swift */; };
		F24000000000000000000004 /* BrewProcessRunnerTests.swift in Sources */ = {isa = PBXBuildFile; fileRef = E24000000000000000000004 /* BrewProcessRunnerTests.swift */; };
		F25000000000000000000001 /* CaskCatalogSortTests.swift in Sources */ = {isa = PBXBuildFile; fileRef = E25000000000000000000001 /* CaskCatalogSortTests.swift */; };
		F26000000000000000000001 /* CaskListActionTests.swift in Sources */ = {isa = PBXBuildFile; fileRef = E26000000000000000000001 /* CaskListActionTests.swift */; };
		F27000000000000000000002 /* CatalogProjectionCache.swift in Sources */ = {isa = PBXBuildFile; fileRef = F27000000000000000000001 /* CatalogProjectionCache.swift */; };
		F27000000000000000000004 /* CaskCatalogViewModel+Projection.swift in Sources */ = {isa = PBXBuildFile; fileRef = F27000000000000000000003 /* CaskCatalogViewModel+Projection.swift */; };
		F28000000000000000000002 /* InstallationIndexBuilder.swift in Sources */ = {isa = PBXBuildFile; fileRef = F28000000000000000000001 /* InstallationIndexBuilder.swift */; };
		F29000000000000000000001 /* CaskOperationState.swift in Sources */ = {isa = PBXBuildFile; fileRef = E29000000000000000000001 /* CaskOperationState.swift */; };
		F29000000000000000000003 /* CaskOperationStateTests.swift in Sources */ = {isa = PBXBuildFile; fileRef = E29000000000000000000003 /* CaskOperationStateTests.swift */; };
		F29000000000000000000005 /* CaskOperationStore.swift in Sources */ = {isa = PBXBuildFile; fileRef = E29000000000000000000005 /* CaskOperationStore.swift */; };
		F29000000000000000000007 /* CaskOperationStoreTests.swift in Sources */ = {isa = PBXBuildFile; fileRef = E29000000000000000000007 /* CaskOperationStoreTests.swift */; };
		F29000000000000000000009 /* InstallationSnapshot.swift in Sources */ = {isa = PBXBuildFile; fileRef = E29000000000000000000009 /* InstallationSnapshot.swift */; };
		F2900000000000000000000B /* InstallationSnapshotTests.swift in Sources */ = {isa = PBXBuildFile; fileRef = E2900000000000000000000B /* InstallationSnapshotTests.swift */; };
		F2900000000000000000000D /* LocalHomebrewService+Snapshot.swift in Sources */ = {isa = PBXBuildFile; fileRef = E2900000000000000000000D /* LocalHomebrewService+Snapshot.swift */; };
		F2900000000000000000000F /* HomebrewInstallationScanner.swift in Sources */ = {isa = PBXBuildFile; fileRef = E2900000000000000000000F /* HomebrewInstallationScanner.swift */; };
		F29000000000000000000011 /* HomebrewCommandExecutor.swift in Sources */ = {isa = PBXBuildFile; fileRef = E29000000000000000000011 /* HomebrewCommandExecutor.swift */; };
		F29000000000000000000013 /* HomebrewCommandExecutorTests.swift in Sources */ = {isa = PBXBuildFile; fileRef = E29000000000000000000013 /* HomebrewCommandExecutorTests.swift */; };
		F29000000000000000000015 /* CaskActionPresentation.swift in Sources */ = {isa = PBXBuildFile; fileRef = E29000000000000000000015 /* CaskActionPresentation.swift */; };
		F29000000000000000000017 /* LocalHomebrewService+Intents.swift in Sources */ = {isa = PBXBuildFile; fileRef = E29000000000000000000017 /* LocalHomebrewService+Intents.swift */; };
		F29000000000000000000019 /* CaskActionPresentationTests.swift in Sources */ = {isa = PBXBuildFile; fileRef = E29000000000000000000019 /* CaskActionPresentationTests.swift */; };
		F2900000000000000000001B /* CatalogProjector.swift in Sources */ = {isa = PBXBuildFile; fileRef = E2900000000000000000001B /* CatalogProjector.swift */; };
		F2900000000000000000001D /* DownloadMetadataProvider.swift in Sources */ = {isa = PBXBuildFile; fileRef = E2900000000000000000001D /* DownloadMetadataProvider.swift */; };
		F2900000000000000000001F /* DownloadMetadataProviderTests.swift in Sources */ = {isa = PBXBuildFile; fileRef = E2900000000000000000001F /* DownloadMetadataProviderTests.swift */; };
		F29000000000000000000021 /* SettingsModels.swift in Sources */ = {isa = PBXBuildFile; fileRef = E29000000000000000000021 /* SettingsModels.swift */; };
		F30000000000000000000002 /* ApplicationDiscovery.swift in Sources */ = {isa = PBXBuildFile; fileRef = F30000000000000000000001 /* ApplicationDiscovery.swift */; };
		F30000000000000000000004 /* PackageReceiptResolver.swift in Sources */ = {isa = PBXBuildFile; fileRef = F30000000000000000000003 /* PackageReceiptResolver.swift */; };
		F30000000000000000000006 /* HomebrewLocator.swift in Sources */ = {isa = PBXBuildFile; fileRef = F30000000000000000000005 /* HomebrewLocator.swift */; };
		F30000000000000000000008 /* HomebrewVersionLoader.swift in Sources */ = {isa = PBXBuildFile; fileRef = F30000000000000000000007 /* HomebrewVersionLoader.swift */; };
		F3000000000000000000000A /* AskpassScriptManager.swift in Sources */ = {isa = PBXBuildFile; fileRef = F30000000000000000000009 /* AskpassScriptManager.swift */; };
		F31000000000000000000002 /* HomebrewMutationCoordinator.swift in Sources */ = {isa = PBXBuildFile; fileRef = F31000000000000000000001 /* HomebrewMutationCoordinator.swift */; };
		F31000000000000000000004 /* CaskOperationFailureFactory.swift in Sources */ = {isa = PBXBuildFile; fileRef = F31000000000000000000003 /* CaskOperationFailureFactory.swift */; };
		F31000000000000000000006 /* HomebrewOutputDiagnostics.swift in Sources */ = {isa = PBXBuildFile; fileRef = F31000000000000000000005 /* HomebrewOutputDiagnostics.swift */; };
		F31000000000000000000008 /* ApplicationLauncher.swift in Sources */ = {isa = PBXBuildFile; fileRef = F31000000000000000000007 /* ApplicationLauncher.swift */; };
		F3100000000000000000000A /* CaskLocalStateResolver.swift in Sources */ = {isa = PBXBuildFile; fileRef = F31000000000000000000009 /* CaskLocalStateResolver.swift */; };
		F32000000000000000000002 /* LocalHomebrewService+Workflows.swift in Sources */ = {isa = PBXBuildFile; fileRef = F32000000000000000000001 /* LocalHomebrewService+Workflows.swift */; };
		F33000000000000000000002 /* LocalHomebrewDependencies.swift in Sources */ = {isa = PBXBuildFile; fileRef = F33000000000000000000001 /* LocalHomebrewDependencies.swift */; };
		F34000000000000000000002 /* HomebrewPackageLaunchTests.swift in Sources */ = {isa = PBXBuildFile; fileRef = F34000000000000000000001 /* HomebrewPackageLaunchTests.swift */; };
		FC77AC4ED839460894E8ED53 /* AdoptionTests.swift in Sources */ = {isa = PBXBuildFile; fileRef = 8BB79639B5E04DEBBDB54898 /* AdoptionTests.swift */; };
/* End PBXBuildFile section */

/* Begin PBXContainerItemProxy section */
		41EBDCEF2F37FD8C00BEABB8 /* PBXContainerItemProxy */ = {
			isa = PBXContainerItemProxy;
			containerPortal = 41EBDCD92F37FD8B00BEABB8 /* Project object */;
			proxyType = 1;
			remoteGlobalIDString = 41EBDCE02F37FD8B00BEABB8;
			remoteInfo = CaskHub;
		};
/* End PBXContainerItemProxy section */

/* Begin PBXFileReference section */
		41AD10042F68A00400BEABB8 /* Shared.xcconfig */ = {isa = PBXFileReference; lastKnownFileType = text.xcconfig; name = Shared.xcconfig; path = Configs/Shared.xcconfig; sourceTree = "<group>"; };
		41AD10132F68B00400BEABB8 /* CrashReporter.swift */ = {isa = PBXFileReference; lastKnownFileType = sourcecode.swift; path = CrashReporter.swift; sourceTree = "<group>"; };
		41AD10152F68B00600BEABB8 /* CrashReporterTests.swift */ = {isa = PBXFileReference; lastKnownFileType = sourcecode.swift; path = CrashReporterTests.swift; sourceTree = "<group>"; };
		41EA00013005200100C45A51 /* AppHangReportingTests.swift */ = {isa = PBXFileReference; lastKnownFileType = sourcecode.swift; path = AppHangReportingTests.swift; sourceTree = "<group>"; };
		41AD10302F68D00100BEABB8 /* UpdaterService.swift */ = {isa = PBXFileReference; lastKnownFileType = sourcecode.swift; path = UpdaterService.swift; sourceTree = "<group>"; };
		41DF1BB63027E71B004C0E14 /* AppIcon.icon */ = {isa = PBXFileReference; lastKnownFileType = folder.iconcomposer.icon; path = AppIcon.icon; sourceTree = "<group>"; };
		41DFD44E30028F7D00608C7A /* Askpass.swift */ = {isa = PBXFileReference; lastKnownFileType = sourcecode.swift; path = Askpass.swift; sourceTree = "<group>"; };
		41DFD44F30028F7D00608C7A /* CaskHubApp.swift */ = {isa = PBXFileReference; lastKnownFileType = sourcecode.swift; path = CaskHubApp.swift; sourceTree = "<group>"; };
		41DFD45130028F7D00608C7A /* BarrelMark.swift */ = {isa = PBXFileReference; lastKnownFileType = sourcecode.swift; path = BarrelMark.swift; sourceTree = "<group>"; };
		41DFD45230028F7D00608C7A /* CaskActionsView.swift */ = {isa = PBXFileReference; lastKnownFileType = sourcecode.swift; path = CaskActionsView.swift; sourceTree = "<group>"; };
		41DFD45330028F7D00608C7A /* Controls.swift */ = {isa = PBXFileReference; lastKnownFileType = sourcecode.swift; path = Controls.swift; sourceTree = "<group>"; };
		41DFD45430028F7D00608C7A /* GlassPanel.swift */ = {isa = PBXFileReference; lastKnownFileType = sourcecode.swift; path = GlassPanel.swift; sourceTree = "<group>"; };
		41DFD45530028F7D00608C7A /* HeroCard.swift */ = {isa = PBXFileReference; lastKnownFileType = sourcecode.swift; path = HeroCard.swift; sourceTree = "<group>"; };
		41DFD45630028F7D00608C7A /* StatusBarView.swift */ = {isa = PBXFileReference; lastKnownFileType = sourcecode.swift; path = StatusBarView.swift; sourceTree = "<group>"; };
		41DFD45730028F7D00608C7A /* TopBarView.swift */ = {isa = PBXFileReference; lastKnownFileType = sourcecode.swift; path = TopBarView.swift; sourceTree = "<group>"; };
		41DFD45930028F7D00608C7A /* ColorTokens.swift */ = {isa = PBXFileReference; lastKnownFileType = sourcecode.swift; path = ColorTokens.swift; sourceTree = "<group>"; };
		41DFD45A30028F7D00608C7A /* SurfaceTokens.swift */ = {isa = PBXFileReference; lastKnownFileType = sourcecode.swift; path = SurfaceTokens.swift; sourceTree = "<group>"; };
		41DFD45B30028F7D00608C7A /* TypographyTokens.swift */ = {isa = PBXFileReference; lastKnownFileType = sourcecode.swift; path = TypographyTokens.swift; sourceTree = "<group>"; };
		41DFD45D30028F7D00608C7A /* BrandFonts.swift */ = {isa = PBXFileReference; lastKnownFileType = sourcecode.swift; path = BrandFonts.swift; sourceTree = "<group>"; };
		41DFD45F30028F7D00608C7A /* AppTheme.swift */ = {isa = PBXFileReference; lastKnownFileType = sourcecode.swift; path = AppTheme.swift; sourceTree = "<group>"; };
		41DFD46030028F7D00608C7A /* Cask.swift */ = {isa = PBXFileReference; lastKnownFileType = sourcecode.swift; path = Cask.swift; sourceTree = "<group>"; };
		41DFD46130028F7D00608C7A /* CaskAnalytics.swift */ = {isa = PBXFileReference; lastKnownFileType = sourcecode.swift; path = CaskAnalytics.swift; sourceTree = "<group>"; };
		41DFD46230028F7D00608C7A /* CaskIconURL.swift */ = {isa = PBXFileReference; lastKnownFileType = sourcecode.swift; path = CaskIconURL.swift; sourceTree = "<group>"; };
		41DFD46330028F7D00608C7A /* SidebarItem.swift */ = {isa = PBXFileReference; lastKnownFileType = sourcecode.swift; path = SidebarItem.swift; sourceTree = "<group>"; };
		41DFD46530028F7D00608C7A /* Baloo2.ttf */ = {isa = PBXFileReference; lastKnownFileType = file; path = Baloo2.ttf; sourceTree = "<group>"; };
		41DFD46630028F7D00608C7A /* JetBrainsMono.ttf */ = {isa = PBXFileReference; lastKnownFileType = file; path = JetBrainsMono.ttf; sourceTree = "<group>"; };
		41DFD46730028F7D00608C7A /* Nunito.ttf */ = {isa = PBXFileReference; lastKnownFileType = file; path = Nunito.ttf; sourceTree = "<group>"; };
		41DFD46930028F7D00608C7A /* categories.json */ = {isa = PBXFileReference; lastKnownFileType = text.json; path = categories.json; sourceTree = "<group>"; };
		41DFD46B30028F7D00608C7A /* Analytics.swift */ = {isa = PBXFileReference; lastKnownFileType = sourcecode.swift; path = Analytics.swift; sourceTree = "<group>"; };
		41DFD46C30028F7D00608C7A /* Analytics+Events.swift */ = {isa = PBXFileReference; lastKnownFileType = sourcecode.swift; path = "Analytics+Events.swift"; sourceTree = "<group>"; };
		41DFD46D30028F7D00608C7A /* BrewAPIClient.swift */ = {isa = PBXFileReference; lastKnownFileType = sourcecode.swift; path = BrewAPIClient.swift; sourceTree = "<group>"; };
		41DFD46E30028F7D00608C7A /* CaskFlowReleases.swift */ = {isa = PBXFileReference; lastKnownFileType = sourcecode.swift; path = CaskFlowReleases.swift; sourceTree = "<group>"; };
		41DFD46F30028F7D00608C7A /* CategoryService.swift */ = {isa = PBXFileReference; lastKnownFileType = sourcecode.swift; path = CategoryService.swift; sourceTree = "<group>"; };
		41DFD47030028F7D00608C7A /* ImageCacheService.swift */ = {isa = PBXFileReference; lastKnownFileType = sourcecode.swift; path = ImageCacheService.swift; sourceTree = "<group>"; };
		41DFD47130028F7D00608C7A /* InstallReceipt.swift */ = {isa = PBXFileReference; lastKnownFileType = sourcecode.swift; path = InstallReceipt.swift; sourceTree = "<group>"; };
		41DFD47230028F7D00608C7A /* LocalHomebrewService.swift */ = {isa = PBXFileReference; lastKnownFileType = sourcecode.swift; path = LocalHomebrewService.swift; sourceTree = "<group>"; };
		41DFD47430028F7D00608C7A /* RecentlyAddedService.swift */ = {isa = PBXFileReference; lastKnownFileType = sourcecode.swift; path = RecentlyAddedService.swift; sourceTree = "<group>"; };
		41DFD47630028F7D00608C7A /* CaskCatalogViewModel.swift */ = {isa = PBXFileReference; lastKnownFileType = sourcecode.swift; path = CaskCatalogViewModel.swift; sourceTree = "<group>"; };
		41DFD47830028F7D00608C7A /* SettingsView.swift */ = {isa = PBXFileReference; lastKnownFileType = sourcecode.swift; path = SettingsView.swift; sourceTree = "<group>"; };
		41DFD47A30028F7D00608C7A /* CaskActionAlerts.swift */ = {isa = PBXFileReference; lastKnownFileType = sourcecode.swift; path = CaskActionAlerts.swift; sourceTree = "<group>"; };
		41DFD47B30028F7D00608C7A /* CaskCardView.swift */ = {isa = PBXFileReference; lastKnownFileType = sourcecode.swift; path = CaskCardView.swift; sourceTree = "<group>"; };
		41DFD47C30028F7D00608C7A /* CaskIconView.swift */ = {isa = PBXFileReference; lastKnownFileType = sourcecode.swift; path = CaskIconView.swift; sourceTree = "<group>"; };
		41DFD47D30028F7D00608C7A /* CaskInfoPopover.swift */ = {isa = PBXFileReference; lastKnownFileType = sourcecode.swift; path = CaskInfoPopover.swift; sourceTree = "<group>"; };
		41DFD47E30028F7D00608C7A /* CaskRowView.swift */ = {isa = PBXFileReference; lastKnownFileType = sourcecode.swift; path = CaskRowView.swift; sourceTree = "<group>"; };
		41DFD48030028F7D00608C7A /* SidebarView.swift */ = {isa = PBXFileReference; lastKnownFileType = sourcecode.swift; path = SidebarView.swift; sourceTree = "<group>"; };
		41DFD48230028F7D00608C7A /* ContentView.swift */ = {isa = PBXFileReference; lastKnownFileType = sourcecode.swift; path = ContentView.swift; sourceTree = "<group>"; };
		41DFD48430028F7D00608C7A /* Assets.xcassets */ = {isa = PBXFileReference; lastKnownFileType = folder.assetcatalog; path = Assets.xcassets; sourceTree = "<group>"; };
		41DFD4B030028F9F00608C7A /* AnalyticsTests.swift */ = {isa = PBXFileReference; lastKnownFileType = sourcecode.swift; path = AnalyticsTests.swift; sourceTree = "<group>"; };
		41DFD4B130028F9F00608C7A /* CaskHubTests.swift */ = {isa = PBXFileReference; lastKnownFileType = sourcecode.swift; path = CaskHubTests.swift; sourceTree = "<group>"; };
		41DFD4B530028F9F00608C7A /* CaskCatalogViewModelTests.swift */ = {isa = PBXFileReference; lastKnownFileType = sourcecode.swift; path = CaskCatalogViewModelTests.swift; sourceTree = "<group>"; };
		41DFD4B730028F9F00608C7A /* SharedTestHelpers.swift */ = {isa = PBXFileReference; lastKnownFileType = sourcecode.swift; path = SharedTestHelpers.swift; sourceTree = "<group>"; };
		41DFD4E130028F7D00608C7A /* AppearanceSettingsView.swift */ = {isa = PBXFileReference; lastKnownFileType = sourcecode.swift; path = AppearanceSettingsView.swift; sourceTree = "<group>"; };
		41E09E37CC8344C699ACADDB /* AppManagementPermission.swift */ = {isa = PBXFileReference; lastKnownFileType = sourcecode.swift; path = AppManagementPermission.swift; sourceTree = "<group>"; };
		41EBDCE12F37FD8B00BEABB8 /* CaskHub.app */ = {isa = PBXFileReference; explicitFileType = wrapper.application; includeInIndex = 0; path = CaskHub.app; sourceTree = BUILT_PRODUCTS_DIR; };
		41EBDCEE2F37FD8C00BEABB8 /* CaskHubTests.xctest */ = {isa = PBXFileReference; explicitFileType = wrapper.cfbundle; includeInIndex = 0; path = CaskHubTests.xctest; sourceTree = BUILT_PRODUCTS_DIR; };
		5317A6659E48459EB3FFB7EB /* BrewOutputCollector.swift */ = {isa = PBXFileReference; lastKnownFileType = sourcecode.swift; path = BrewOutputCollector.swift; sourceTree = "<group>"; };
		8BB79639B5E04DEBBDB54898 /* AdoptionTests.swift */ = {isa = PBXFileReference; lastKnownFileType = sourcecode.swift; path = AdoptionTests.swift; sourceTree = "<group>"; };
		A1C0D0013A00000100000001 /* IconDiskCache.swift */ = {isa = PBXFileReference; lastKnownFileType = sourcecode.swift; path = IconDiskCache.swift; sourceTree = "<group>"; };
		A26000000000000000000001 /* UpdateSettingsView.swift */ = {isa = PBXFileReference; lastKnownFileType = sourcecode.swift; path = UpdateSettingsView.swift; sourceTree = "<group>"; };
		A26000000000000000000003 /* UpdateSettingsViewTests.swift */ = {isa = PBXFileReference; lastKnownFileType = sourcecode.swift; path = UpdateSettingsViewTests.swift; sourceTree = "<group>"; };
		A29000000000000000000001 /* ApplicationTerminationCoordinator.swift */ = {isa = PBXFileReference; lastKnownFileType = sourcecode.swift; path = ApplicationTerminationCoordinator.swift; sourceTree = "<group>"; };
		A29000000000000000000003 /* ApplicationTerminationCoordinatorTests.swift */ = {isa = PBXFileReference; lastKnownFileType = sourcecode.swift; path = ApplicationTerminationCoordinatorTests.swift; sourceTree = "<group>"; };
		A29100000000000000000001 /* CaskMetadataProjector.swift */ = {isa = PBXFileReference; lastKnownFileType = sourcecode.swift; path = CaskMetadataProjector.swift; sourceTree = "<group>"; };
		A29100000000000000000003 /* CaskMetadataProjectorTests.swift */ = {isa = PBXFileReference; lastKnownFileType = sourcecode.swift; path = CaskMetadataProjectorTests.swift; sourceTree = "<group>"; };
		A29100000000000000000006 /* InstallationDateIndexTests.swift */ = {isa = PBXFileReference; lastKnownFileType = sourcecode.swift; path = InstallationDateIndexTests.swift; sourceTree = "<group>"; };
		A29100000000000000000406 /* AppManagementPermissionTests.swift */ = {isa = PBXFileReference; lastKnownFileType = sourcecode.swift; path = AppManagementPermissionTests.swift; sourceTree = "<group>"; };
		A29100000000000000000106 /* HomebrewOutputDiagnosticsTests.swift */ = {isa = PBXFileReference; lastKnownFileType = sourcecode.swift; path = HomebrewOutputDiagnosticsTests.swift; sourceTree = "<group>"; };
		A29100000000000000000206 /* CatalogScrollSupport.swift */ = {isa = PBXFileReference; lastKnownFileType = sourcecode.swift; path = CatalogScrollSupport.swift; sourceTree = "<group>"; };
		A29100000000000000000306 /* BrewOutputAggregator.swift */ = {isa = PBXFileReference; lastKnownFileType = sourcecode.swift; path = BrewOutputAggregator.swift; sourceTree = "<group>"; };
		ABCA0F0400ABCA0F0400ABCA /* SettingsViewTests.swift */ = {isa = PBXFileReference; lastKnownFileType = sourcecode.swift; path = SettingsViewTests.swift; sourceTree = "<group>"; };
		ABCA0F0600ABCA0F0600ABCA /* ContentViewTests.swift */ = {isa = PBXFileReference; lastKnownFileType = sourcecode.swift; path = ContentViewTests.swift; sourceTree = "<group>"; };
		B08000000000000000000001 /* CaskHubCommands.swift */ = {isa = PBXFileReference; lastKnownFileType = sourcecode.swift; path = CaskHubCommands.swift; sourceTree = "<group>"; };
		B08000000000000000000003 /* CaskHubHelpView.swift */ = {isa = PBXFileReference; lastKnownFileType = sourcecode.swift; path = CaskHubHelpView.swift; sourceTree = "<group>"; };
		B09000000000000000000001 /* ApplicationMenuTests.swift */ = {isa = PBXFileReference; lastKnownFileType = sourcecode.swift; path = ApplicationMenuTests.swift; sourceTree = "<group>"; };
		B09100000000000000000001 /* CaskHubHelpSearch.swift */ = {isa = PBXFileReference; lastKnownFileType = sourcecode.swift; path = CaskHubHelpSearch.swift; sourceTree = "<group>"; };
		B09200000000000000000001 /* HelpViewTests.swift */ = {isa = PBXFileReference; lastKnownFileType = sourcecode.swift; path = HelpViewTests.swift; sourceTree = "<group>"; };
		B0C000000000000000000001 /* ShelfSetupView.swift */ = {isa = PBXFileReference; lastKnownFileType = sourcecode.swift; path = ShelfSetupView.swift; sourceTree = "<group>"; };
		B0D000000000000000000001 /* ContentView+Catalog.swift */ = {isa = PBXFileReference; lastKnownFileType = sourcecode.swift; path = "ContentView+Catalog.swift"; sourceTree = "<group>"; };
		B0C000000000000000000004 /* ShelfSetupViewTests.swift */ = {isa = PBXFileReference; lastKnownFileType = sourcecode.swift; path = ShelfSetupViewTests.swift; sourceTree = "<group>"; };
		B12000000000000000000001 /* LocalHomebrewTypes.swift */ = {isa = PBXFileReference; lastKnownFileType = sourcecode.swift; path = LocalHomebrewTypes.swift; sourceTree = "<group>"; };
		B12000000000000000000005 /* CaskAdoptionPlan.swift */ = {isa = PBXFileReference; lastKnownFileType = sourcecode.swift; path = CaskAdoptionPlan.swift; sourceTree = "<group>"; };
		B12000000000000000000006 /* CaskAdoptionPlanTests.swift */ = {isa = PBXFileReference; lastKnownFileType = sourcecode.swift; path = CaskAdoptionPlanTests.swift; sourceTree = "<group>"; };
		B12000000000000000000008 /* CaskAdoptionWorkflowTests.swift */ = {isa = PBXFileReference; lastKnownFileType = sourcecode.swift; path = CaskAdoptionWorkflowTests.swift; sourceTree = "<group>"; };
		B0E000000000000000000001 /* LocalHomebrewError.swift */ = {isa = PBXFileReference; lastKnownFileType = sourcecode.swift; path = LocalHomebrewError.swift; sourceTree = "<group>"; };
		B0F000000000000000000001 /* HomebrewCommandFailure.swift */ = {isa = PBXFileReference; lastKnownFileType = sourcecode.swift; path = HomebrewCommandFailure.swift; sourceTree = "<group>"; };
		B0F000000000000000000003 /* HomebrewCommandFailureTests.swift */ = {isa = PBXFileReference; lastKnownFileType = sourcecode.swift; path = HomebrewCommandFailureTests.swift; sourceTree = "<group>"; };
		B12000000000000000000002 /* LocalHomebrewService+State.swift */ = {isa = PBXFileReference; lastKnownFileType = sourcecode.swift; path = "LocalHomebrewService+State.swift"; sourceTree = "<group>"; };
		B12000000000000000000003 /* LocalHomebrewService+Adoption.swift */ = {isa = PBXFileReference; lastKnownFileType = sourcecode.swift; path = "LocalHomebrewService+Adoption.swift"; sourceTree = "<group>"; };
		B12000000000000000000004 /* ZombieDetectionTests.swift */ = {isa = PBXFileReference; lastKnownFileType = sourcecode.swift; path = ZombieDetectionTests.swift; sourceTree = "<group>"; };
		D12000000000000000000001 /* BrewProcessRunner.swift */ = {isa = PBXFileReference; lastKnownFileType = sourcecode.swift; path = BrewProcessRunner.swift; sourceTree = "<group>"; };
		D12000000000000000000002 /* added_dates.json */ = {isa = PBXFileReference; lastKnownFileType = text.json; path = added_dates.json; sourceTree = "<group>"; };
		D12000000000000000000010 /* Localizable.xcstrings */ = {isa = PBXFileReference; lastKnownFileType = text.json.xcstrings; path = Localizable.xcstrings; sourceTree = "<group>"; };
		D13000000000000000000001 /* LocalHomebrewService+Mutations.swift */ = {isa = PBXFileReference; lastKnownFileType = sourcecode.swift; path = "LocalHomebrewService+Mutations.swift"; sourceTree = "<group>"; };
		D13000000000000000000002 /* MutationRecoveryTests.swift */ = {isa = PBXFileReference; lastKnownFileType = sourcecode.swift; path = MutationRecoveryTests.swift; sourceTree = "<group>"; };
		D15000000000000000000001 /* ExternalInstallationTests.swift */ = {isa = PBXFileReference; lastKnownFileType = sourcecode.swift; path = ExternalInstallationTests.swift; sourceTree = "<group>"; };
		D15000000000000000000002 /* InstallationCatalogBuilder.swift */ = {isa = PBXFileReference; lastKnownFileType = sourcecode.swift; path = InstallationCatalogBuilder.swift; sourceTree = "<group>"; };
		D26000000000000000000001 /* ExternalApplicationOwnershipTests.swift */ = {isa = PBXFileReference; lastKnownFileType = sourcecode.swift; path = ExternalApplicationOwnershipTests.swift; sourceTree = "<group>"; };
		E24000000000000000000001 /* CaskOperationProgress.swift */ = {isa = PBXFileReference; lastKnownFileType = sourcecode.swift; path = CaskOperationProgress.swift; sourceTree = "<group>"; };
		E24000000000000000000002 /* CaskOperationCapsule.swift */ = {isa = PBXFileReference; lastKnownFileType = sourcecode.swift; path = CaskOperationCapsule.swift; sourceTree = "<group>"; };
		E24000000000000000000003 /* CaskOperationProgressTests.swift */ = {isa = PBXFileReference; lastKnownFileType = sourcecode.swift; path = CaskOperationProgressTests.swift; sourceTree = "<group>"; };
		E24000000000000000000004 /* BrewProcessRunnerTests.swift */ = {isa = PBXFileReference; lastKnownFileType = sourcecode.swift; path = BrewProcessRunnerTests.swift; sourceTree = "<group>"; };
		E25000000000000000000001 /* CaskCatalogSortTests.swift */ = {isa = PBXFileReference; lastKnownFileType = sourcecode.swift; path = CaskCatalogSortTests.swift; sourceTree = "<group>"; };
		E26000000000000000000001 /* CaskListActionTests.swift */ = {isa = PBXFileReference; lastKnownFileType = sourcecode.swift; path = CaskListActionTests.swift; sourceTree = "<group>"; };
		E29000000000000000000001 /* CaskOperationState.swift */ = {isa = PBXFileReference; lastKnownFileType = sourcecode.swift; path = CaskOperationState.swift; sourceTree = "<group>"; };
		E29000000000000000000003 /* CaskOperationStateTests.swift */ = {isa = PBXFileReference; lastKnownFileType = sourcecode.swift; path = CaskOperationStateTests.swift; sourceTree = "<group>"; };
		E29000000000000000000005 /* CaskOperationStore.swift */ = {isa = PBXFileReference; lastKnownFileType = sourcecode.swift; path = CaskOperationStore.swift; sourceTree = "<group>"; };
		E29000000000000000000007 /* CaskOperationStoreTests.swift */ = {isa = PBXFileReference; lastKnownFileType = sourcecode.swift; path = CaskOperationStoreTests.swift; sourceTree = "<group>"; };
		E29000000000000000000009 /* InstallationSnapshot.swift */ = {isa = PBXFileReference; lastKnownFileType = sourcecode.swift; path = InstallationSnapshot.swift; sourceTree = "<group>"; };
		E2900000000000000000000B /* InstallationSnapshotTests.swift */ = {isa = PBXFileReference; lastKnownFileType = sourcecode.swift; path = InstallationSnapshotTests.swift; sourceTree = "<group>"; };
		E2900000000000000000000D /* LocalHomebrewService+Snapshot.swift */ = {isa = PBXFileReference; lastKnownFileType = sourcecode.swift; path = "LocalHomebrewService+Snapshot.swift"; sourceTree = "<group>"; };
		E2900000000000000000000F /* HomebrewInstallationScanner.swift */ = {isa = PBXFileReference; lastKnownFileType = sourcecode.swift; path = HomebrewInstallationScanner.swift; sourceTree = "<group>"; };
		E29000000000000000000011 /* HomebrewCommandExecutor.swift */ = {isa = PBXFileReference; lastKnownFileType = sourcecode.swift; path = HomebrewCommandExecutor.swift; sourceTree = "<group>"; };
		E29000000000000000000013 /* HomebrewCommandExecutorTests.swift */ = {isa = PBXFileReference; lastKnownFileType = sourcecode.swift; path = HomebrewCommandExecutorTests.swift; sourceTree = "<group>"; };
		E29000000000000000000015 /* CaskActionPresentation.swift */ = {isa = PBXFileReference; lastKnownFileType = sourcecode.swift; path = CaskActionPresentation.swift; sourceTree = "<group>"; };
		E29000000000000000000017 /* LocalHomebrewService+Intents.swift */ = {isa = PBXFileReference; lastKnownFileType = sourcecode.swift; path = "LocalHomebrewService+Intents.swift"; sourceTree = "<group>"; };
		E29000000000000000000019 /* CaskActionPresentationTests.swift */ = {isa = PBXFileReference; lastKnownFileType = sourcecode.swift; path = CaskActionPresentationTests.swift; sourceTree = "<group>"; };
		E2900000000000000000001B /* CatalogProjector.swift */ = {isa = PBXFileReference; lastKnownFileType = sourcecode.swift; path = CatalogProjector.swift; sourceTree = "<group>"; };
		E2900000000000000000001D /* DownloadMetadataProvider.swift */ = {isa = PBXFileReference; lastKnownFileType = sourcecode.swift; path = DownloadMetadataProvider.swift; sourceTree = "<group>"; };
		E2900000000000000000001F /* DownloadMetadataProviderTests.swift */ = {isa = PBXFileReference; lastKnownFileType = sourcecode.swift; path = DownloadMetadataProviderTests.swift; sourceTree = "<group>"; };
		E29000000000000000000021 /* SettingsModels.swift */ = {isa = PBXFileReference; lastKnownFileType = sourcecode.swift; path = SettingsModels.swift; sourceTree = "<group>"; };
		F27000000000000000000001 /* CatalogProjectionCache.swift */ = {isa = PBXFileReference; lastKnownFileType = sourcecode.swift; path = CatalogProjectionCache.swift; sourceTree = "<group>"; };
		F27000000000000000000003 /* CaskCatalogViewModel+Projection.swift */ = {isa = PBXFileReference; lastKnownFileType = sourcecode.swift; path = "CaskCatalogViewModel+Projection.swift"; sourceTree = "<group>"; };
		F28000000000000000000001 /* InstallationIndexBuilder.swift */ = {isa = PBXFileReference; lastKnownFileType = sourcecode.swift; path = InstallationIndexBuilder.swift; sourceTree = "<group>"; };
		F30000000000000000000001 /* ApplicationDiscovery.swift */ = {isa = PBXFileReference; lastKnownFileType = sourcecode.swift; path = ApplicationDiscovery.swift; sourceTree = "<group>"; };
		F30000000000000000000003 /* PackageReceiptResolver.swift */ = {isa = PBXFileReference; lastKnownFileType = sourcecode.swift; path = PackageReceiptResolver.swift; sourceTree = "<group>"; };
		F30000000000000000000005 /* HomebrewLocator.swift */ = {isa = PBXFileReference; lastKnownFileType = sourcecode.swift; path = HomebrewLocator.swift; sourceTree = "<group>"; };
		F30000000000000000000007 /* HomebrewVersionLoader.swift */ = {isa = PBXFileReference; lastKnownFileType = sourcecode.swift; path = HomebrewVersionLoader.swift; sourceTree = "<group>"; };
		F30000000000000000000009 /* AskpassScriptManager.swift */ = {isa = PBXFileReference; lastKnownFileType = sourcecode.swift; path = AskpassScriptManager.swift; sourceTree = "<group>"; };
		F31000000000000000000001 /* HomebrewMutationCoordinator.swift */ = {isa = PBXFileReference; lastKnownFileType = sourcecode.swift; path = HomebrewMutationCoordinator.swift; sourceTree = "<group>"; };
		F31000000000000000000003 /* CaskOperationFailureFactory.swift */ = {isa = PBXFileReference; lastKnownFileType = sourcecode.swift; path = CaskOperationFailureFactory.swift; sourceTree = "<group>"; };
		F31000000000000000000005 /* HomebrewOutputDiagnostics.swift */ = {isa = PBXFileReference; lastKnownFileType = sourcecode.swift; path = HomebrewOutputDiagnostics.swift; sourceTree = "<group>"; };
		F31000000000000000000007 /* ApplicationLauncher.swift */ = {isa = PBXFileReference; lastKnownFileType = sourcecode.swift; path = ApplicationLauncher.swift; sourceTree = "<group>"; };
		F31000000000000000000009 /* CaskLocalStateResolver.swift */ = {isa = PBXFileReference; lastKnownFileType = sourcecode.swift; path = CaskLocalStateResolver.swift; sourceTree = "<group>"; };
		F32000000000000000000001 /* LocalHomebrewService+Workflows.swift */ = {isa = PBXFileReference; lastKnownFileType = sourcecode.swift; path = "LocalHomebrewService+Workflows.swift"; sourceTree = "<group>"; };
		F33000000000000000000001 /* LocalHomebrewDependencies.swift */ = {isa = PBXFileReference; lastKnownFileType = sourcecode.swift; path = LocalHomebrewDependencies.swift; sourceTree = "<group>"; };
		F34000000000000000000001 /* HomebrewPackageLaunchTests.swift */ = {isa = PBXFileReference; lastKnownFileType = sourcecode.swift; path = HomebrewPackageLaunchTests.swift; sourceTree = "<group>"; };
/* End PBXFileReference section */

/* Begin PBXFrameworksBuildPhase section */
		41EBDCDE2F37FD8B00BEABB8 /* Frameworks */ = {
			isa = PBXFrameworksBuildPhase;
			buildActionMask = 2147483647;
			files = (
				41AD10032F68A00300BEABB8 /* TelemetryDeck in Frameworks */,
				41AD10122F68B00300BEABB8 /* Sentry in Frameworks */,
				41AD10222F68C00300BEABB8 /* Sparkle in Frameworks */,
			);
			runOnlyForDeploymentPostprocessing = 0;
		};
		41EBDCEB2F37FD8C00BEABB8 /* Frameworks */ = {
			isa = PBXFrameworksBuildPhase;
			buildActionMask = 2147483647;
			files = (
			);
			runOnlyForDeploymentPostprocessing = 0;
		};
/* End PBXFrameworksBuildPhase section */

/* Begin PBXGroup section */
		41DFD45030028F7D00608C7A /* App */ = {
			isa = PBXGroup;
			children = (
				A29000000000000000000001 /* ApplicationTerminationCoordinator.swift */,
				41DFD44E30028F7D00608C7A /* Askpass.swift */,
				41DFD44F30028F7D00608C7A /* CaskHubApp.swift */,
				B08000000000000000000001 /* CaskHubCommands.swift */,
				B09100000000000000000001 /* CaskHubHelpSearch.swift */,
			);
			path = App;
			sourceTree = "<group>";
		};
		41DFD45830028F7D00608C7A /* Components */ = {
			isa = PBXGroup;
			children = (
				41DFD45130028F7D00608C7A /* BarrelMark.swift */,
				41DFD45230028F7D00608C7A /* CaskActionsView.swift */,
				E24000000000000000000002 /* CaskOperationCapsule.swift */,
				41DFD45330028F7D00608C7A /* Controls.swift */,
				41DFD45430028F7D00608C7A /* GlassPanel.swift */,
				41DFD45530028F7D00608C7A /* HeroCard.swift */,
				41DFD45630028F7D00608C7A /* StatusBarView.swift */,
				41DFD45730028F7D00608C7A /* TopBarView.swift */,
			);
			path = Components;
			sourceTree = "<group>";
		};
		41DFD45C30028F7D00608C7A /* Tokens */ = {
			isa = PBXGroup;
			children = (
				41DFD45930028F7D00608C7A /* ColorTokens.swift */,
				41DFD45A30028F7D00608C7A /* SurfaceTokens.swift */,
				41DFD45B30028F7D00608C7A /* TypographyTokens.swift */,
			);
			path = Tokens;
			sourceTree = "<group>";
		};
		41DFD45E30028F7D00608C7A /* DesignSystem */ = {
			isa = PBXGroup;
			children = (
				41DFD45830028F7D00608C7A /* Components */,
				41DFD45C30028F7D00608C7A /* Tokens */,
				41DFD45D30028F7D00608C7A /* BrandFonts.swift */,
			);
			path = DesignSystem;
			sourceTree = "<group>";
		};
		41DFD46430028F7D00608C7A /* Models */ = {
			isa = PBXGroup;
			children = (
				41DFD45F30028F7D00608C7A /* AppTheme.swift */,
				41DFD46030028F7D00608C7A /* Cask.swift */,
				41DFD46130028F7D00608C7A /* CaskAnalytics.swift */,
				41DFD46230028F7D00608C7A /* CaskIconURL.swift */,
				41DFD46330028F7D00608C7A /* SidebarItem.swift */,
			);
			path = Models;
			sourceTree = "<group>";
		};
		41DFD46830028F7D00608C7A /* Fonts */ = {
			isa = PBXGroup;
			children = (
				41DFD46530028F7D00608C7A /* Baloo2.ttf */,
				41DFD46630028F7D00608C7A /* JetBrainsMono.ttf */,
				41DFD46730028F7D00608C7A /* Nunito.ttf */,
			);
			path = Fonts;
			sourceTree = "<group>";
		};
		41DFD46A30028F7D00608C7A /* Resources */ = {
			isa = PBXGroup;
			children = (
				41DF1BB63027E71B004C0E14 /* AppIcon.icon */,
				41DFD46830028F7D00608C7A /* Fonts */,
				41DFD46930028F7D00608C7A /* categories.json */,
				D12000000000000000000002 /* added_dates.json */,
				D12000000000000000000010 /* Localizable.xcstrings */,
			);
			path = Resources;
			sourceTree = "<group>";
		};
		41DFD47530028F7D00608C7A /* Services */ = {
			isa = PBXGroup;
			children = (
				F32000000000000000000010 /* Telemetry */,
				F32000000000000000000011 /* Catalog */,
				F32000000000000000000012 /* Images */,
				F32000000000000000000013 /* Downloads */,
				F32000000000000000000014 /* Settings */,
				F32000000000000000000015 /* Updates */,
				F32000000000000000000016 /* Homebrew */,
			);
			path = Services;
			sourceTree = "<group>";
		};
		41DFD47730028F7D00608C7A /* ViewModels */ = {
			isa = PBXGroup;
			children = (
				F3200000000000000000001C /* Catalog */,
			);
			path = ViewModels;
			sourceTree = "<group>";
		};
		41DFD47930028F7D00608C7A /* Settings */ = {
			isa = PBXGroup;
			children = (
				41DFD4E130028F7D00608C7A /* AppearanceSettingsView.swift */,
				41DFD47830028F7D00608C7A /* SettingsView.swift */,
				A26000000000000000000001 /* UpdateSettingsView.swift */,
			);
			path = Settings;
			sourceTree = "<group>";
		};
		41DFD47F30028F7D00608C7A /* Shared */ = {
			isa = PBXGroup;
			children = (
				41DFD47A30028F7D00608C7A /* CaskActionAlerts.swift */,
				41DFD47B30028F7D00608C7A /* CaskCardView.swift */,
				41DFD47C30028F7D00608C7A /* CaskIconView.swift */,
				41DFD47D30028F7D00608C7A /* CaskInfoPopover.swift */,
				A29100000000000000000206 /* CatalogScrollSupport.swift */,
				41DFD47E30028F7D00608C7A /* CaskRowView.swift */,
			);
			path = Shared;
			sourceTree = "<group>";
		};
		41DFD48130028F7D00608C7A /* Sidebar */ = {
			isa = PBXGroup;
			children = (
				41DFD48030028F7D00608C7A /* SidebarView.swift */,
			);
			path = Sidebar;
			sourceTree = "<group>";
		};
		41DFD48330028F7D00608C7A /* Views */ = {
			isa = PBXGroup;
			children = (
				B08000000000000000000005 /* Help */,
				B0C000000000000000000003 /* Manage */,
				41DFD47930028F7D00608C7A /* Settings */,
				41DFD47F30028F7D00608C7A /* Shared */,
				41DFD48130028F7D00608C7A /* Sidebar */,
				41DFD48230028F7D00608C7A /* ContentView.swift */,
				B0D000000000000000000001 /* ContentView+Catalog.swift */,
			);
			path = Views;
			sourceTree = "<group>";
		};
		41DFD48530028F7D00608C7A /* CaskHub */ = {
			isa = PBXGroup;
			children = (
				41DFD45030028F7D00608C7A /* App */,
				41DFD46430028F7D00608C7A /* Models */,
				41DFD47530028F7D00608C7A /* Services */,
				41DFD47730028F7D00608C7A /* ViewModels */,
				41DFD48330028F7D00608C7A /* Views */,
				41DFD45E30028F7D00608C7A /* DesignSystem */,
				41DFD46A30028F7D00608C7A /* Resources */,
				41DFD48430028F7D00608C7A /* Assets.xcassets */,
			);
			path = CaskHub;
			sourceTree = "<group>";
		};
		41DFD4B230028F9F00608C7A /* CaskHubTests */ = {
			isa = PBXGroup;
			children = (
				A29000000000000000000005 /* App */,
				F32000000000000000000020 /* Support */,
				F32000000000000000000021 /* Telemetry */,
				F32000000000000000000022 /* Catalog */,
				F32000000000000000000023 /* Views */,
				F32000000000000000000024 /* Downloads */,
				F32000000000000000000025 /* Homebrew */,
			);
			path = CaskHubTests;
			sourceTree = "<group>";
		};
		41EBDCD82F37FD8B00BEABB8 = {
			isa = PBXGroup;
			children = (
				41AD10042F68A00400BEABB8 /* Shared.xcconfig */,
				41DFD48530028F7D00608C7A /* CaskHub */,
				41DFD4B230028F9F00608C7A /* CaskHubTests */,
				41EBDCE22F37FD8B00BEABB8 /* Products */,
			);
			sourceTree = "<group>";
		};
		41EBDCE22F37FD8B00BEABB8 /* Products */ = {
			isa = PBXGroup;
			children = (
				41EBDCE12F37FD8B00BEABB8 /* CaskHub.app */,
				41EBDCEE2F37FD8C00BEABB8 /* CaskHubTests.xctest */,
			);
			name = Products;
			sourceTree = "<group>";
		};
		A29000000000000000000005 /* App */ = {
			isa = PBXGroup;
			children = (
				B09000000000000000000001 /* ApplicationMenuTests.swift */,
				A29000000000000000000003 /* ApplicationTerminationCoordinatorTests.swift */,
			);
			path = App;
			sourceTree = "<group>";
		};
		A29100000000000000000005 /* Projection */ = {
			isa = PBXGroup;
			children = (
				A29100000000000000000003 /* CaskMetadataProjectorTests.swift */,
			);
			path = Projection;
			sourceTree = "<group>";
		};
		B08000000000000000000005 /* Help */ = {
			isa = PBXGroup;
			children = (
				B08000000000000000000003 /* CaskHubHelpView.swift */,
			);
			path = Help;
			sourceTree = "<group>";
		};
		B0C000000000000000000003 /* Manage */ = {
			isa = PBXGroup;
			children = (
				B0C000000000000000000001 /* ShelfSetupView.swift */,
			);
			path = Manage;
			sourceTree = "<group>";
		};
		F32000000000000000000010 /* Telemetry */ = {
			isa = PBXGroup;
			children = (
				41DFD46B30028F7D00608C7A /* Analytics.swift */,
				41DFD46C30028F7D00608C7A /* Analytics+Events.swift */,
				41AD10132F68B00400BEABB8 /* CrashReporter.swift */,
			);
			path = Telemetry;
			sourceTree = "<group>";
		};
		F32000000000000000000011 /* Catalog */ = {
			isa = PBXGroup;
			children = (
				41DFD46D30028F7D00608C7A /* BrewAPIClient.swift */,
				41DFD46E30028F7D00608C7A /* CaskFlowReleases.swift */,
				41DFD46F30028F7D00608C7A /* CategoryService.swift */,
				41DFD47430028F7D00608C7A /* RecentlyAddedService.swift */,
			);
			path = Catalog;
			sourceTree = "<group>";
		};
		F32000000000000000000012 /* Images */ = {
			isa = PBXGroup;
			children = (
				A1C0D0013A00000100000001 /* IconDiskCache.swift */,
				41DFD47030028F7D00608C7A /* ImageCacheService.swift */,
			);
			path = Images;
			sourceTree = "<group>";
		};
		F32000000000000000000013 /* Downloads */ = {
			isa = PBXGroup;
			children = (
				E2900000000000000000001D /* DownloadMetadataProvider.swift */,
			);
			path = Downloads;
			sourceTree = "<group>";
		};
		F32000000000000000000014 /* Settings */ = {
			isa = PBXGroup;
			children = (
				E29000000000000000000021 /* SettingsModels.swift */,
			);
			path = Settings;
			sourceTree = "<group>";
		};
		F32000000000000000000015 /* Updates */ = {
			isa = PBXGroup;
			children = (
				41AD10302F68D00100BEABB8 /* UpdaterService.swift */,
			);
			path = Updates;
			sourceTree = "<group>";
		};
		F32000000000000000000016 /* Homebrew */ = {
			isa = PBXGroup;
			children = (
				F32000000000000000000017 /* Facade */,
				F32000000000000000000018 /* Domain */,
				F32000000000000000000019 /* Coordination */,
				F3200000000000000000001A /* Presentation */,
				F3200000000000000000001B /* Infrastructure */,
			);
			path = Homebrew;
			sourceTree = "<group>";
		};
		F32000000000000000000017 /* Facade */ = {
			isa = PBXGroup;
			children = (
				41DFD47230028F7D00608C7A /* LocalHomebrewService.swift */,
				B12000000000000000000003 /* LocalHomebrewService+Adoption.swift */,
				E29000000000000000000017 /* LocalHomebrewService+Intents.swift */,
				D13000000000000000000001 /* LocalHomebrewService+Mutations.swift */,
				E2900000000000000000000D /* LocalHomebrewService+Snapshot.swift */,
				B12000000000000000000002 /* LocalHomebrewService+State.swift */,
				F32000000000000000000001 /* LocalHomebrewService+Workflows.swift */,
			);
			path = Facade;
			sourceTree = "<group>";
		};
		F32000000000000000000018 /* Domain */ = {
			isa = PBXGroup;
			children = (
				B12000000000000000000005 /* CaskAdoptionPlan.swift */,
				E24000000000000000000001 /* CaskOperationProgress.swift */,
				E29000000000000000000001 /* CaskOperationState.swift */,
				B0F000000000000000000001 /* HomebrewCommandFailure.swift */,
				41DFD47130028F7D00608C7A /* InstallReceipt.swift */,
				E29000000000000000000009 /* InstallationSnapshot.swift */,
				B0E000000000000000000001 /* LocalHomebrewError.swift */,
				B12000000000000000000001 /* LocalHomebrewTypes.swift */,
			);
			path = Domain;
			sourceTree = "<group>";
		};
		F32000000000000000000019 /* Coordination */ = {
			isa = PBXGroup;
			children = (
				F31000000000000000000009 /* CaskLocalStateResolver.swift */,
				F31000000000000000000003 /* CaskOperationFailureFactory.swift */,
				E29000000000000000000005 /* CaskOperationStore.swift */,
				F31000000000000000000001 /* HomebrewMutationCoordinator.swift */,
				D15000000000000000000002 /* InstallationCatalogBuilder.swift */,
				F33000000000000000000001 /* LocalHomebrewDependencies.swift */,
			);
			path = Coordination;
			sourceTree = "<group>";
		};
		F3200000000000000000001A /* Presentation */ = {
			isa = PBXGroup;
			children = (
				E29000000000000000000015 /* CaskActionPresentation.swift */,
			);
			path = Presentation;
			sourceTree = "<group>";
		};
		F3200000000000000000001B /* Infrastructure */ = {
			isa = PBXGroup;
			children = (
				41E09E37CC8344C699ACADDB /* AppManagementPermission.swift */,
				F30000000000000000000001 /* ApplicationDiscovery.swift */,
				F31000000000000000000007 /* ApplicationLauncher.swift */,
				F30000000000000000000009 /* AskpassScriptManager.swift */,
				5317A6659E48459EB3FFB7EB /* BrewOutputCollector.swift */,
				D12000000000000000000001 /* BrewProcessRunner.swift */,
				E29000000000000000000011 /* HomebrewCommandExecutor.swift */,
				E2900000000000000000000F /* HomebrewInstallationScanner.swift */,
				F30000000000000000000005 /* HomebrewLocator.swift */,
				F31000000000000000000005 /* HomebrewOutputDiagnostics.swift */,
				A29100000000000000000306 /* BrewOutputAggregator.swift */,
				F30000000000000000000007 /* HomebrewVersionLoader.swift */,
				F28000000000000000000001 /* InstallationIndexBuilder.swift */,
				F30000000000000000000003 /* PackageReceiptResolver.swift */,
			);
			path = Infrastructure;
			sourceTree = "<group>";
		};
		F3200000000000000000001C /* Catalog */ = {
			isa = PBXGroup;
			children = (
				41DFD47630028F7D00608C7A /* CaskCatalogViewModel.swift */,
				F27000000000000000000003 /* CaskCatalogViewModel+Projection.swift */,
				F3200000000000000000001D /* Projection */,
			);
			path = Catalog;
			sourceTree = "<group>";
		};
		F3200000000000000000001D /* Projection */ = {
			isa = PBXGroup;
			children = (
				A29100000000000000000001 /* CaskMetadataProjector.swift */,
				F27000000000000000000001 /* CatalogProjectionCache.swift */,
				E2900000000000000000001B /* CatalogProjector.swift */,
			);
			path = Projection;
			sourceTree = "<group>";
		};
		F32000000000000000000020 /* Support */ = {
			isa = PBXGroup;
			children = (
				41DFD4B730028F9F00608C7A /* SharedTestHelpers.swift */,
			);
			path = Support;
			sourceTree = "<group>";
		};
		F32000000000000000000021 /* Telemetry */ = {
			isa = PBXGroup;
			children = (
				41DFD4B030028F9F00608C7A /* AnalyticsTests.swift */,
				41EA00013005200100C45A51 /* AppHangReportingTests.swift */,
				41AD10152F68B00600BEABB8 /* CrashReporterTests.swift */,
			);
			path = Telemetry;
			sourceTree = "<group>";
		};
		F32000000000000000000022 /* Catalog */ = {
			isa = PBXGroup;
			children = (
				A29100000000000000000005 /* Projection */,
				E25000000000000000000001 /* CaskCatalogSortTests.swift */,
				41DFD4B530028F9F00608C7A /* CaskCatalogViewModelTests.swift */,
			);
			path = Catalog;
			sourceTree = "<group>";
		};
		F32000000000000000000023 /* Views */ = {
			isa = PBXGroup;
			children = (
				ABCA0F0600ABCA0F0600ABCA /* ContentViewTests.swift */,
				B09200000000000000000001 /* HelpViewTests.swift */,
				ABCA0F0400ABCA0F0400ABCA /* SettingsViewTests.swift */,
				B0C000000000000000000004 /* ShelfSetupViewTests.swift */,
				A26000000000000000000003 /* UpdateSettingsViewTests.swift */,
			);
			path = Views;
			sourceTree = "<group>";
		};
		F32000000000000000000024 /* Downloads */ = {
			isa = PBXGroup;
			children = (
				E2900000000000000000001F /* DownloadMetadataProviderTests.swift */,
			);
			path = Downloads;
			sourceTree = "<group>";
		};
		F32000000000000000000025 /* Homebrew */ = {
			isa = PBXGroup;
			children = (
				F32000000000000000000026 /* Domain */,
				F32000000000000000000027 /* Coordination */,
				F32000000000000000000028 /* Detection */,
				F32000000000000000000029 /* Infrastructure */,
				F3200000000000000000002A /* Presentation */,
				F3200000000000000000002B /* Workflows */,
				F3200000000000000000002C /* Integration */,
			);
			path = Homebrew;
			sourceTree = "<group>";
		};
		F32000000000000000000026 /* Domain */ = {
			isa = PBXGroup;
			children = (
				B12000000000000000000006 /* CaskAdoptionPlanTests.swift */,
				E24000000000000000000003 /* CaskOperationProgressTests.swift */,
				E29000000000000000000003 /* CaskOperationStateTests.swift */,
				B0F000000000000000000003 /* HomebrewCommandFailureTests.swift */,
			);
			path = Domain;
			sourceTree = "<group>";
		};
		F32000000000000000000027 /* Coordination */ = {
			isa = PBXGroup;
			children = (
				E29000000000000000000007 /* CaskOperationStoreTests.swift */,
				D13000000000000000000002 /* MutationRecoveryTests.swift */,
			);
			path = Coordination;
			sourceTree = "<group>";
		};
		F32000000000000000000028 /* Detection */ = {
			isa = PBXGroup;
			children = (
				D26000000000000000000001 /* ExternalApplicationOwnershipTests.swift */,
				D15000000000000000000001 /* ExternalInstallationTests.swift */,
				E2900000000000000000000B /* InstallationSnapshotTests.swift */,
				F34000000000000000000001 /* HomebrewPackageLaunchTests.swift */,
				B12000000000000000000004 /* ZombieDetectionTests.swift */,
			);
			path = Detection;
			sourceTree = "<group>";
		};
		F32000000000000000000029 /* Infrastructure */ = {
			isa = PBXGroup;
			children = (
				A29100000000000000000406 /* AppManagementPermissionTests.swift */,
				E24000000000000000000004 /* BrewProcessRunnerTests.swift */,
				E29000000000000000000013 /* HomebrewCommandExecutorTests.swift */,
				A29100000000000000000106 /* HomebrewOutputDiagnosticsTests.swift */,
				A29100000000000000000006 /* InstallationDateIndexTests.swift */,
			);
			path = Infrastructure;
			sourceTree = "<group>";
		};
		F3200000000000000000002A /* Presentation */ = {
			isa = PBXGroup;
			children = (
				E29000000000000000000019 /* CaskActionPresentationTests.swift */,
				E26000000000000000000001 /* CaskListActionTests.swift */,
			);
			path = Presentation;
			sourceTree = "<group>";
		};
		F3200000000000000000002B /* Workflows */ = {
			isa = PBXGroup;
			children = (
				8BB79639B5E04DEBBDB54898 /* AdoptionTests.swift */,
				B12000000000000000000008 /* CaskAdoptionWorkflowTests.swift */,
			);
			path = Workflows;
			sourceTree = "<group>";
		};
		F3200000000000000000002C /* Integration */ = {
			isa = PBXGroup;
			children = (
				41DFD4B130028F9F00608C7A /* CaskHubTests.swift */,
			);
			path = Integration;
			sourceTree = "<group>";
		};
/* End PBXGroup section */

/* Begin PBXNativeTarget section */
		41EBDCE02F37FD8B00BEABB8 /* CaskHub */ = {
			isa = PBXNativeTarget;
			buildConfigurationList = 41EBDD022F37FD8C00BEABB8 /* Build configuration list for PBXNativeTarget "CaskHub" */;
			buildPhases = (
				41EBDCDD2F37FD8B00BEABB8 /* Sources */,
				A6C640897F580D7F5B1174DB /* SwiftLint */,
				41EBDCDE2F37FD8B00BEABB8 /* Frameworks */,
				41EBDCDF2F37FD8B00BEABB8 /* Resources */,
			);
			buildRules = (
			);
			dependencies = (
			);
			name = CaskHub;
			packageProductDependencies = (
				41AD10022F68A00200BEABB8 /* TelemetryDeck */,
				41AD10112F68B00200BEABB8 /* Sentry */,
				41AD10212F68C00200BEABB8 /* Sparkle */,
			);
			productName = CaskHub;
			productReference = 41EBDCE12F37FD8B00BEABB8 /* CaskHub.app */;
			productType = "com.apple.product-type.application";
		};
		41EBDCED2F37FD8C00BEABB8 /* CaskHubTests */ = {
			isa = PBXNativeTarget;
			buildConfigurationList = 41EBDD052F37FD8C00BEABB8 /* Build configuration list for PBXNativeTarget "CaskHubTests" */;
			buildPhases = (
				41EBDCEA2F37FD8C00BEABB8 /* Sources */,
				41EBDCEB2F37FD8C00BEABB8 /* Frameworks */,
				41EBDCEC2F37FD8C00BEABB8 /* Resources */,
			);
			buildRules = (
			);
			dependencies = (
				41EBDCF02F37FD8C00BEABB8 /* PBXTargetDependency */,
			);
			name = CaskHubTests;
			productName = CaskHubTests;
			productReference = 41EBDCEE2F37FD8C00BEABB8 /* CaskHubTests.xctest */;
			productType = "com.apple.product-type.bundle.unit-test";
		};
/* End PBXNativeTarget section */

/* Begin PBXProject section */
		41EBDCD92F37FD8B00BEABB8 /* Project object */ = {
			isa = PBXProject;
			attributes = {
				BuildIndependentTargetsInParallel = 1;
				LastSwiftUpdateCheck = 2620;
				LastUpgradeCheck = 2660;
				TargetAttributes = {
					41EBDCE02F37FD8B00BEABB8 = {
						CreatedOnToolsVersion = 26.2;
					};
					41EBDCED2F37FD8C00BEABB8 = {
						CreatedOnToolsVersion = 26.2;
						TestTargetID = 41EBDCE02F37FD8B00BEABB8;
					};
				};
			};
			buildConfigurationList = 41EBDCDC2F37FD8B00BEABB8 /* Build configuration list for PBXProject "CaskHub" */;
			developmentRegion = en;
			hasScannedForEncodings = 0;
			knownRegions = (
				en,
				Base,
				"zh-Hans",
			);
			mainGroup = 41EBDCD82F37FD8B00BEABB8;
			minimizedProjectReferenceProxies = 1;
			packageReferences = (
				41AD10012F68A00100BEABB8 /* XCRemoteSwiftPackageReference "SwiftSDK" */,
				41AD10102F68B00100BEABB8 /* XCRemoteSwiftPackageReference "sentry-cocoa" */,
				41AD10202F68C00100BEABB8 /* XCRemoteSwiftPackageReference "Sparkle" */,
			);
			preferredProjectObjectVersion = 77;
			productRefGroup = 41EBDCE22F37FD8B00BEABB8 /* Products */;
			projectDirPath = "";
			projectRoot = "";
			targets = (
				41EBDCE02F37FD8B00BEABB8 /* CaskHub */,
				41EBDCED2F37FD8C00BEABB8 /* CaskHubTests */,
			);
		};
/* End PBXProject section */

/* Begin PBXResourcesBuildPhase section */
		41EBDCDF2F37FD8B00BEABB8 /* Resources */ = {
			isa = PBXResourcesBuildPhase;
			buildActionMask = 2147483647;
			files = (
				41DFD48630028F7D00608C7A /* Baloo2.ttf in Resources */,
				41DFD48730028F7D00608C7A /* JetBrainsMono.ttf in Resources */,
				41DFD48830028F7D00608C7A /* Nunito.ttf in Resources */,
				41DF1BB73027E71B004C0E14 /* AppIcon.icon in Resources */,
				41DFD48930028F7D00608C7A /* categories.json in Resources */,
				C12000000000000000000002 /* added_dates.json in Resources */,
				C12000000000000000000010 /* Localizable.xcstrings in Resources */,
				41DFD48A30028F7D00608C7A /* Assets.xcassets in Resources */,
			);
			runOnlyForDeploymentPostprocessing = 0;
		};
		41EBDCEC2F37FD8C00BEABB8 /* Resources */ = {
			isa = PBXResourcesBuildPhase;
			buildActionMask = 2147483647;
			files = (
			);
			runOnlyForDeploymentPostprocessing = 0;
		};
/* End PBXResourcesBuildPhase section */

/* Begin PBXShellScriptBuildPhase section */
		A6C640897F580D7F5B1174DB /* SwiftLint */ = {
			isa = PBXShellScriptBuildPhase;
			alwaysOutOfDate = 1;
			buildActionMask = 2147483647;
			files = (
			);
			inputFileListPaths = (
			);
			inputPaths = (
			);
			name = SwiftLint;
			outputFileListPaths = (
			);
			outputPaths = (
				"$(DERIVED_FILE_DIR)/swiftlint-$(TARGET_NAME)-$(CURRENT_PROJECT_VERSION).stamp",
			);
			runOnlyForDeploymentPostprocessing = 0;
			shellPath = /bin/sh;
			shellScript = "if [ \"${CI}\" = \"true\" ]; then\n    echo \"Info: Skipping SwiftLint build phase on CI.\"\n    exit 0\nfi\n\nexport PATH=\"$PATH:/opt/homebrew/bin\"\nif command -v swiftlint >/dev/null; then\n    swiftlint --fix\n    swiftlint --quiet\nelse\n  echo \"warning: SwiftLint not installed — brew install swiftlint\"\nfi\n";
		};
/* End PBXShellScriptBuildPhase section */

/* Begin PBXSourcesBuildPhase section */
		41EBDCDD2F37FD8B00BEABB8 /* Sources */ = {
			isa = PBXSourcesBuildPhase;
			buildActionMask = 2147483647;
			files = (
				A29000000000000000000002 /* ApplicationTerminationCoordinator.swift in Sources */,
				41DFD48B30028F7D00608C7A /* Askpass.swift in Sources */,
				41DFD48C30028F7D00608C7A /* CaskHubApp.swift in Sources */,
				B08000000000000000000002 /* CaskHubCommands.swift in Sources */,
				B08000000000000000000004 /* CaskHubHelpView.swift in Sources */,
				B09100000000000000000002 /* CaskHubHelpSearch.swift in Sources */,
				B0C000000000000000000002 /* ShelfSetupView.swift in Sources */,
				B0D000000000000000000002 /* ContentView+Catalog.swift in Sources */,
				41DFD48D30028F7D00608C7A /* BarrelMark.swift in Sources */,
				41DFD48E30028F7D00608C7A /* CaskActionsView.swift in Sources */,
				F24000000000000000000002 /* CaskOperationCapsule.swift in Sources */,
				41DFD48F30028F7D00608C7A /* Controls.swift in Sources */,
				41DFD49030028F7D00608C7A /* GlassPanel.swift in Sources */,
				41DFD49130028F7D00608C7A /* HeroCard.swift in Sources */,
				41DFD49230028F7D00608C7A /* StatusBarView.swift in Sources */,
				41DFD49330028F7D00608C7A /* TopBarView.swift in Sources */,
				41DFD49430028F7D00608C7A /* ColorTokens.swift in Sources */,
				41DFD49530028F7D00608C7A /* SurfaceTokens.swift in Sources */,
				41DFD49630028F7D00608C7A /* TypographyTokens.swift in Sources */,
				41DFD49730028F7D00608C7A /* BrandFonts.swift in Sources */,
				41DFD49830028F7D00608C7A /* AppTheme.swift in Sources */,
				41DFD49930028F7D00608C7A /* Cask.swift in Sources */,
				41DFD49A30028F7D00608C7A /* CaskAnalytics.swift in Sources */,
				41DFD49B30028F7D00608C7A /* CaskIconURL.swift in Sources */,
				41DFD49C30028F7D00608C7A /* SidebarItem.swift in Sources */,
				41DFD49D30028F7D00608C7A /* Analytics.swift in Sources */,
				41AD10142F68B00500BEABB8 /* CrashReporter.swift in Sources */,
				41DFD49E30028F7D00608C7A /* Analytics+Events.swift in Sources */,
				41DFD49F30028F7D00608C7A /* BrewAPIClient.swift in Sources */,
				41DFD4A030028F7D00608C7A /* CaskFlowReleases.swift in Sources */,
				41DFD4A130028F7D00608C7A /* CategoryService.swift in Sources */,
				A1C0D0023A00000100000001 /* IconDiskCache.swift in Sources */,
				41DFD4A230028F7D00608C7A /* ImageCacheService.swift in Sources */,
				41DFD4A330028F7D00608C7A /* InstallReceipt.swift in Sources */,
				7FFA89946C514C00BF5496DB /* BrewOutputCollector.swift in Sources */,
				C12000000000000000000001 /* BrewProcessRunner.swift in Sources */,
				D62ACB1AD2BC42A29578C0DD /* AppManagementPermission.swift in Sources */,
				41DFD4A430028F7D00608C7A /* LocalHomebrewService.swift in Sources */,
				F32000000000000000000002 /* LocalHomebrewService+Workflows.swift in Sources */,
				C15000000000000000000002 /* InstallationCatalogBuilder.swift in Sources */,
				A12000000000000000000001 /* LocalHomebrewTypes.swift in Sources */,
				A12000000000000000000005 /* CaskAdoptionPlan.swift in Sources */,
				B0F000000000000000000002 /* HomebrewCommandFailure.swift in Sources */,
				B0E000000000000000000002 /* LocalHomebrewError.swift in Sources */,
				F24000000000000000000001 /* CaskOperationProgress.swift in Sources */,
				F29000000000000000000001 /* CaskOperationState.swift in Sources */,
				F29000000000000000000005 /* CaskOperationStore.swift in Sources */,
				F29000000000000000000009 /* InstallationSnapshot.swift in Sources */,
				F2900000000000000000000D /* LocalHomebrewService+Snapshot.swift in Sources */,
				F2900000000000000000000F /* HomebrewInstallationScanner.swift in Sources */,
				F29000000000000000000011 /* HomebrewCommandExecutor.swift in Sources */,
				F29000000000000000000015 /* CaskActionPresentation.swift in Sources */,
				F29000000000000000000017 /* LocalHomebrewService+Intents.swift in Sources */,
				F2900000000000000000001D /* DownloadMetadataProvider.swift in Sources */,
				F29000000000000000000021 /* SettingsModels.swift in Sources */,
				F30000000000000000000002 /* ApplicationDiscovery.swift in Sources */,
				F30000000000000000000004 /* PackageReceiptResolver.swift in Sources */,
				F30000000000000000000006 /* HomebrewLocator.swift in Sources */,
				F30000000000000000000008 /* HomebrewVersionLoader.swift in Sources */,
				F3000000000000000000000A /* AskpassScriptManager.swift in Sources */,
				F31000000000000000000002 /* HomebrewMutationCoordinator.swift in Sources */,
				F31000000000000000000004 /* CaskOperationFailureFactory.swift in Sources */,
				F31000000000000000000006 /* HomebrewOutputDiagnostics.swift in Sources */,
				A29100000000000000000307 /* BrewOutputAggregator.swift in Sources */,
				F31000000000000000000008 /* ApplicationLauncher.swift in Sources */,
				F3100000000000000000000A /* CaskLocalStateResolver.swift in Sources */,
				F33000000000000000000002 /* LocalHomebrewDependencies.swift in Sources */,
				A12000000000000000000002 /* LocalHomebrewService+State.swift in Sources */,
				F28000000000000000000002 /* InstallationIndexBuilder.swift in Sources */,
				A12000000000000000000003 /* LocalHomebrewService+Adoption.swift in Sources */,
				C13000000000000000000001 /* LocalHomebrewService+Mutations.swift in Sources */,
				41DFD4A630028F7D00608C7A /* RecentlyAddedService.swift in Sources */,
				41AD10312F68D00200BEABB8 /* UpdaterService.swift in Sources */,
				41DFD4A730028F7D00608C7A /* CaskCatalogViewModel.swift in Sources */,
				F27000000000000000000002 /* CatalogProjectionCache.swift in Sources */,
				F27000000000000000000004 /* CaskCatalogViewModel+Projection.swift in Sources */,
				F2900000000000000000001B /* CatalogProjector.swift in Sources */,
				A29100000000000000000002 /* CaskMetadataProjector.swift in Sources */,
				41DFD4A830028F7D00608C7A /* SettingsView.swift in Sources */,
				41DFD4E230028F7D00608C7A /* AppearanceSettingsView.swift in Sources */,
				A26000000000000000000002 /* UpdateSettingsView.swift in Sources */,
				41DFD4A930028F7D00608C7A /* CaskActionAlerts.swift in Sources */,
				41DFD4AA30028F7D00608C7A /* CaskCardView.swift in Sources */,
				41DFD4AB30028F7D00608C7A /* CaskIconView.swift in Sources */,
				41DFD4AC30028F7D00608C7A /* CaskInfoPopover.swift in Sources */,
				A29100000000000000000207 /* CatalogScrollSupport.swift in Sources */,
				41DFD4AD30028F7D00608C7A /* CaskRowView.swift in Sources */,
				41DFD4AE30028F7D00608C7A /* SidebarView.swift in Sources */,
				41DFD4AF30028F7D00608C7A /* ContentView.swift in Sources */,
			);
			runOnlyForDeploymentPostprocessing = 0;
		};
		41EBDCEA2F37FD8C00BEABB8 /* Sources */ = {
			isa = PBXSourcesBuildPhase;
			buildActionMask = 2147483647;
			files = (
				B09000000000000000000002 /* ApplicationMenuTests.swift in Sources */,
				A29000000000000000000004 /* ApplicationTerminationCoordinatorTests.swift in Sources */,
				41DFD4B330028F9F00608C7A /* AnalyticsTests.swift in Sources */,
				41EA00023005200100C45A51 /* AppHangReportingTests.swift in Sources */,
				A29100000000000000000004 /* CaskMetadataProjectorTests.swift in Sources */,
				41AD10162F68B00700BEABB8 /* CrashReporterTests.swift in Sources */,
				41DFD4B630028F9F00608C7A /* CaskCatalogViewModelTests.swift in Sources */,
				F25000000000000000000001 /* CaskCatalogSortTests.swift in Sources */,
				C26000000000000000000001 /* ExternalApplicationOwnershipTests.swift in Sources */,
				C15000000000000000000001 /* ExternalInstallationTests.swift in Sources */,
				F34000000000000000000002 /* HomebrewPackageLaunchTests.swift in Sources */,
				41DFD4B430028F9F00608C7A /* CaskHubTests.swift in Sources */,
				ABCA0F0500ABCA0F0500ABCA /* ContentViewTests.swift in Sources */,
				B09200000000000000000002 /* HelpViewTests.swift in Sources */,
				ABCA0F0300ABCA0F0300ABCA /* SettingsViewTests.swift in Sources */,
				B0C000000000000000000005 /* ShelfSetupViewTests.swift in Sources */,
				A26000000000000000000004 /* UpdateSettingsViewTests.swift in Sources */,
				FC77AC4ED839460894E8ED53 /* AdoptionTests.swift in Sources */,
				A12000000000000000000009 /* CaskAdoptionWorkflowTests.swift in Sources */,
				A12000000000000000000007 /* CaskAdoptionPlanTests.swift in Sources */,
				F26000000000000000000001 /* CaskListActionTests.swift in Sources */,
				F24000000000000000000003 /* CaskOperationProgressTests.swift in Sources */,
				F29000000000000000000003 /* CaskOperationStateTests.swift in Sources */,
				B0F000000000000000000004 /* HomebrewCommandFailureTests.swift in Sources */,
				F29000000000000000000007 /* CaskOperationStoreTests.swift in Sources */,
				F2900000000000000000000B /* InstallationSnapshotTests.swift in Sources */,
				F29000000000000000000013 /* HomebrewCommandExecutorTests.swift in Sources */,
				A29100000000000000000107 /* HomebrewOutputDiagnosticsTests.swift in Sources */,
				A29100000000000000000007 /* InstallationDateIndexTests.swift in Sources */,
				A29100000000000000000407 /* AppManagementPermissionTests.swift in Sources */,
				F29000000000000000000019 /* CaskActionPresentationTests.swift in Sources */,
				F2900000000000000000001F /* DownloadMetadataProviderTests.swift in Sources */,
				F24000000000000000000004 /* BrewProcessRunnerTests.swift in Sources */,
				C13000000000000000000002 /* MutationRecoveryTests.swift in Sources */,
				A12000000000000000000004 /* ZombieDetectionTests.swift in Sources */,
				41DFD4B830028F9F00608C7A /* SharedTestHelpers.swift in Sources */,
			);
			runOnlyForDeploymentPostprocessing = 0;
		};
/* End PBXSourcesBuildPhase section */

/* Begin PBXTargetDependency section */
		41EBDCF02F37FD8C00BEABB8 /* PBXTargetDependency */ = {
			isa = PBXTargetDependency;
			target = 41EBDCE02F37FD8B00BEABB8 /* CaskHub */;
			targetProxy = 41EBDCEF2F37FD8C00BEABB8 /* PBXContainerItemProxy */;
		};
/* End PBXTargetDependency section */

/* Begin XCBuildConfiguration section */
		41EBDD002F37FD8C00BEABB8 /* Debug */ = {
			isa = XCBuildConfiguration;
			baseConfigurationReference = 41AD10042F68A00400BEABB8 /* Shared.xcconfig */;
			buildSettings = {
				ALWAYS_SEARCH_USER_PATHS = NO;
				ASSETCATALOG_COMPILER_GENERATE_SWIFT_ASSET_SYMBOL_EXTENSIONS = YES;
				CLANG_ANALYZER_NONNULL = YES;
				CLANG_ANALYZER_NUMBER_OBJECT_CONVERSION = YES_AGGRESSIVE;
				CLANG_CXX_LANGUAGE_STANDARD = "gnu++20";
				CLANG_ENABLE_MODULES = YES;
				CLANG_ENABLE_OBJC_ARC = YES;
				CLANG_ENABLE_OBJC_WEAK = YES;
				CLANG_WARN_BLOCK_CAPTURE_AUTORELEASING = YES;
				CLANG_WARN_BOOL_CONVERSION = YES;
				CLANG_WARN_COMMA = YES;
				CLANG_WARN_CONSTANT_CONVERSION = YES;
				CLANG_WARN_DEPRECATED_OBJC_IMPLEMENTATIONS = YES;
				CLANG_WARN_DIRECT_OBJC_ISA_USAGE = YES_ERROR;
				CLANG_WARN_DOCUMENTATION_COMMENTS = YES;
				CLANG_WARN_EMPTY_BODY = YES;
				CLANG_WARN_ENUM_CONVERSION = YES;
				CLANG_WARN_INFINITE_RECURSION = YES;
				CLANG_WARN_INT_CONVERSION = YES;
				CLANG_WARN_NON_LITERAL_NULL_CONVERSION = YES;
				CLANG_WARN_OBJC_IMPLICIT_RETAIN_SELF = YES;
				CLANG_WARN_OBJC_LITERAL_CONVERSION = YES;
				CLANG_WARN_OBJC_ROOT_CLASS = YES_ERROR;
				CLANG_WARN_QUOTED_INCLUDE_IN_FRAMEWORK_HEADER = YES;
				CLANG_WARN_RANGE_LOOP_ANALYSIS = YES;
				CLANG_WARN_STRICT_PROTOTYPES = YES;
				CLANG_WARN_SUSPICIOUS_MOVE = YES;
				CLANG_WARN_UNGUARDED_AVAILABILITY = YES_AGGRESSIVE;
				CLANG_WARN_UNREACHABLE_CODE = YES;
				CLANG_WARN__DUPLICATE_METHOD_MATCH = YES;
				COPY_PHASE_STRIP = NO;
				DEAD_CODE_STRIPPING = YES;
				DEBUG_INFORMATION_FORMAT = dwarf;
				DEVELOPMENT_TEAM = USYCM7BRK3;
				ENABLE_STRICT_OBJC_MSGSEND = YES;
				ENABLE_TESTABILITY = YES;
				ENABLE_USER_SCRIPT_SANDBOXING = YES;
				GCC_C_LANGUAGE_STANDARD = gnu17;
				GCC_DYNAMIC_NO_PIC = NO;
				GCC_NO_COMMON_BLOCKS = YES;
				GCC_OPTIMIZATION_LEVEL = 0;
				GCC_PREPROCESSOR_DEFINITIONS = (
					"DEBUG=1",
					"$(inherited)",
				);
				GCC_WARN_64_TO_32_BIT_CONVERSION = YES;
				GCC_WARN_ABOUT_RETURN_TYPE = YES_ERROR;
				GCC_WARN_UNDECLARED_SELECTOR = YES;
				GCC_WARN_UNINITIALIZED_AUTOS = YES_AGGRESSIVE;
				GCC_WARN_UNUSED_FUNCTION = YES;
				GCC_WARN_UNUSED_VARIABLE = YES;
				LOCALIZATION_PREFERS_STRING_CATALOGS = YES;
				MACOSX_DEPLOYMENT_TARGET = 15.6;
				MTL_ENABLE_DEBUG_INFO = INCLUDE_SOURCE;
				MTL_FAST_MATH = YES;
				ONLY_ACTIVE_ARCH = YES;
				SDKROOT = macosx;
				STRING_CATALOG_GENERATE_SYMBOLS = YES;
				SWIFT_ACTIVE_COMPILATION_CONDITIONS = "DEBUG $(inherited)";
				SWIFT_OPTIMIZATION_LEVEL = "-Onone";
			};
			name = Debug;
		};
		41EBDD012F37FD8C00BEABB8 /* Release */ = {
			isa = XCBuildConfiguration;
			baseConfigurationReference = 41AD10042F68A00400BEABB8 /* Shared.xcconfig */;
			buildSettings = {
				ALWAYS_SEARCH_USER_PATHS = NO;
				ASSETCATALOG_COMPILER_GENERATE_SWIFT_ASSET_SYMBOL_EXTENSIONS = YES;
				CLANG_ANALYZER_NONNULL = YES;
				CLANG_ANALYZER_NUMBER_OBJECT_CONVERSION = YES_AGGRESSIVE;
				CLANG_CXX_LANGUAGE_STANDARD = "gnu++20";
				CLANG_ENABLE_MODULES = YES;
				CLANG_ENABLE_OBJC_ARC = YES;
				CLANG_ENABLE_OBJC_WEAK = YES;
				CLANG_WARN_BLOCK_CAPTURE_AUTORELEASING = YES;
				CLANG_WARN_BOOL_CONVERSION = YES;
				CLANG_WARN_COMMA = YES;
				CLANG_WARN_CONSTANT_CONVERSION = YES;
				CLANG_WARN_DEPRECATED_OBJC_IMPLEMENTATIONS = YES;
				CLANG_WARN_DIRECT_OBJC_ISA_USAGE = YES_ERROR;
				CLANG_WARN_DOCUMENTATION_COMMENTS = YES;
				CLANG_WARN_EMPTY_BODY = YES;
				CLANG_WARN_ENUM_CONVERSION = YES;
				CLANG_WARN_INFINITE_RECURSION = YES;
				CLANG_WARN_INT_CONVERSION = YES;
				CLANG_WARN_NON_LITERAL_NULL_CONVERSION = YES;
				CLANG_WARN_OBJC_IMPLICIT_RETAIN_SELF = YES;
				CLANG_WARN_OBJC_LITERAL_CONVERSION = YES;
				CLANG_WARN_OBJC_ROOT_CLASS = YES_ERROR;
				CLANG_WARN_QUOTED_INCLUDE_IN_FRAMEWORK_HEADER = YES;
				CLANG_WARN_RANGE_LOOP_ANALYSIS = YES;
				CLANG_WARN_STRICT_PROTOTYPES = YES;
				CLANG_WARN_SUSPICIOUS_MOVE = YES;
				CLANG_WARN_UNGUARDED_AVAILABILITY = YES_AGGRESSIVE;
				CLANG_WARN_UNREACHABLE_CODE = YES;
				CLANG_WARN__DUPLICATE_METHOD_MATCH = YES;
				COPY_PHASE_STRIP = NO;
				DEAD_CODE_STRIPPING = YES;
				DEBUG_INFORMATION_FORMAT = "dwarf-with-dsym";
				DEVELOPMENT_TEAM = USYCM7BRK3;
				ENABLE_NS_ASSERTIONS = NO;
				ENABLE_STRICT_OBJC_MSGSEND = YES;
				ENABLE_USER_SCRIPT_SANDBOXING = YES;
				GCC_C_LANGUAGE_STANDARD = gnu17;
				GCC_NO_COMMON_BLOCKS = YES;
				GCC_WARN_64_TO_32_BIT_CONVERSION = YES;
				GCC_WARN_ABOUT_RETURN_TYPE = YES_ERROR;
				GCC_WARN_UNDECLARED_SELECTOR = YES;
				GCC_WARN_UNINITIALIZED_AUTOS = YES_AGGRESSIVE;
				GCC_WARN_UNUSED_FUNCTION = YES;
				GCC_WARN_UNUSED_VARIABLE = YES;
				LOCALIZATION_PREFERS_STRING_CATALOGS = YES;
				MACOSX_DEPLOYMENT_TARGET = 15.6;
				MTL_ENABLE_DEBUG_INFO = NO;
				MTL_FAST_MATH = YES;
				SDKROOT = macosx;
				STRING_CATALOG_GENERATE_SYMBOLS = YES;
				SWIFT_COMPILATION_MODE = wholemodule;
			};
			name = Release;
		};
		41EBDD032F37FD8C00BEABB8 /* Debug */ = {
			isa = XCBuildConfiguration;
			buildSettings = {
				ASSETCATALOG_COMPILER_APPICON_NAME = AppIcon;
				ASSETCATALOG_COMPILER_GLOBAL_ACCENT_COLOR_NAME = AccentColor;
				ASSETCATALOG_COMPILER_INCLUDE_ALL_APPICON_ASSETS = NO;
				"CODE_SIGN_IDENTITY[sdk=macosx*]" = "Apple Development";
				CODE_SIGN_STYLE = Automatic;
				COMBINE_HIDPI_IMAGES = YES;
				CURRENT_PROJECT_VERSION = 1;
				DEAD_CODE_STRIPPING = YES;
				DEVELOPMENT_TEAM = USYCM7BRK3;
				ENABLE_APP_SANDBOX = NO;
				ENABLE_HARDENED_RUNTIME = YES;
				ENABLE_PREVIEWS = YES;
				ENABLE_USER_SCRIPT_SANDBOXING = NO;
				ENABLE_USER_SELECTED_FILES = readonly;
				GENERATE_INFOPLIST_FILE = YES;
				INFOPLIST_FILE = Configs/Info.plist;
				INFOPLIST_KEY_CFBundleDisplayName = CaskHub;
				INFOPLIST_KEY_NSHumanReadableCopyright = "";
				LD_RUNPATH_SEARCH_PATHS = (
					"$(inherited)",
					"@executable_path/../Frameworks",
				);
				MACOSX_DEPLOYMENT_TARGET = 15.6;
				MARKETING_VERSION = 0.7.1;
				PRODUCT_BUNDLE_IDENTIFIER = com.mag.caskhub;
				PRODUCT_NAME = "$(TARGET_NAME)";
				REGISTER_APP_GROUPS = YES;
				STRING_CATALOG_GENERATE_SYMBOLS = YES;
				SWIFT_APPROACHABLE_CONCURRENCY = YES;
				SWIFT_DEFAULT_ACTOR_ISOLATION = MainActor;
				SWIFT_EMIT_LOC_STRINGS = YES;
				SWIFT_UPCOMING_FEATURE_MEMBER_IMPORT_VISIBILITY = YES;
				SWIFT_VERSION = 5.0;
			};
			name = Debug;
		};
		41EBDD042F37FD8C00BEABB8 /* Release */ = {
			isa = XCBuildConfiguration;
			buildSettings = {
				ASSETCATALOG_COMPILER_APPICON_NAME = AppIcon;
				ASSETCATALOG_COMPILER_GLOBAL_ACCENT_COLOR_NAME = AccentColor;
				ASSETCATALOG_COMPILER_INCLUDE_ALL_APPICON_ASSETS = NO;
				"CODE_SIGN_IDENTITY[sdk=macosx*]" = "Apple Development";
				CODE_SIGN_STYLE = Automatic;
				COMBINE_HIDPI_IMAGES = YES;
				CURRENT_PROJECT_VERSION = 1;
				DEAD_CODE_STRIPPING = YES;
				DEVELOPMENT_TEAM = USYCM7BRK3;
				ENABLE_APP_SANDBOX = NO;
				ENABLE_HARDENED_RUNTIME = YES;
				ENABLE_PREVIEWS = YES;
				ENABLE_USER_SCRIPT_SANDBOXING = NO;
				ENABLE_USER_SELECTED_FILES = readonly;
				GENERATE_INFOPLIST_FILE = YES;
				INFOPLIST_FILE = Configs/Info.plist;
				INFOPLIST_KEY_CFBundleDisplayName = CaskHub;
				INFOPLIST_KEY_NSHumanReadableCopyright = "";
				LD_RUNPATH_SEARCH_PATHS = (
					"$(inherited)",
					"@executable_path/../Frameworks",
				);
				MACOSX_DEPLOYMENT_TARGET = 15.6;
				MARKETING_VERSION = 0.7.1;
				PRODUCT_BUNDLE_IDENTIFIER = com.mag.caskhub;
				PRODUCT_NAME = "$(TARGET_NAME)";
				REGISTER_APP_GROUPS = YES;
				STRING_CATALOG_GENERATE_SYMBOLS = YES;
				SWIFT_APPROACHABLE_CONCURRENCY = YES;
				SWIFT_DEFAULT_ACTOR_ISOLATION = MainActor;
				SWIFT_EMIT_LOC_STRINGS = YES;
				SWIFT_UPCOMING_FEATURE_MEMBER_IMPORT_VISIBILITY = YES;
				SWIFT_VERSION = 5.0;
			};
			name = Release;
		};
		41EBDD062F37FD8C00BEABB8 /* Debug */ = {
			isa = XCBuildConfiguration;
			buildSettings = {
				BUNDLE_LOADER = "$(TEST_HOST)";
				CODE_SIGN_STYLE = Automatic;
				CURRENT_PROJECT_VERSION = 1;
				DEAD_CODE_STRIPPING = YES;
				DEVELOPMENT_TEAM = USYCM7BRK3;
				GENERATE_INFOPLIST_FILE = YES;
				MACOSX_DEPLOYMENT_TARGET = 15.6;
				MARKETING_VERSION = 1.0;
				PRODUCT_BUNDLE_IDENTIFIER = com.mag.CaskHubTests;
				PRODUCT_NAME = "$(TARGET_NAME)";
				STRING_CATALOG_GENERATE_SYMBOLS = NO;
				SWIFT_APPROACHABLE_CONCURRENCY = YES;
				SWIFT_EMIT_LOC_STRINGS = NO;
				SWIFT_UPCOMING_FEATURE_MEMBER_IMPORT_VISIBILITY = YES;
				SWIFT_VERSION = 5.0;
				TEST_HOST = "$(BUILT_PRODUCTS_DIR)/CaskHub.app/$(BUNDLE_EXECUTABLE_FOLDER_PATH)/CaskHub";
			};
			name = Debug;
		};
		41EBDD072F37FD8C00BEABB8 /* Release */ = {
			isa = XCBuildConfiguration;
			buildSettings = {
				BUNDLE_LOADER = "$(TEST_HOST)";
				CODE_SIGN_STYLE = Automatic;
				CURRENT_PROJECT_VERSION = 1;
				DEAD_CODE_STRIPPING = YES;
				DEVELOPMENT_TEAM = USYCM7BRK3;
				GENERATE_INFOPLIST_FILE = YES;
				MACOSX_DEPLOYMENT_TARGET = 15.6;
				MARKETING_VERSION = 1.0;
				PRODUCT_BUNDLE_IDENTIFIER = com.mag.CaskHubTests;
				PRODUCT_NAME = "$(TARGET_NAME)";
				STRING_CATALOG_GENERATE_SYMBOLS = NO;
				SWIFT_APPROACHABLE_CONCURRENCY = YES;
				SWIFT_EMIT_LOC_STRINGS = NO;
				SWIFT_UPCOMING_FEATURE_MEMBER_IMPORT_VISIBILITY = YES;
				SWIFT_VERSION = 5.0;
				TEST_HOST = "$(BUILT_PRODUCTS_DIR)/CaskHub.app/$(BUNDLE_EXECUTABLE_FOLDER_PATH)/CaskHub";
			};
			name = Release;
		};
/* End XCBuildConfiguration section */

/* Begin XCConfigurationList section */
		41EBDCDC2F37FD8B00BEABB8 /* Build configuration list for PBXProject "CaskHub" */ = {
			isa = XCConfigurationList;
			buildConfigurations = (
				41EBDD002F37FD8C00BEABB8 /* Debug */,
				41EBDD012F37FD8C00BEABB8 /* Release */,
			);
			defaultConfigurationIsVisible = 0;
			defaultConfigurationName = Release;
		};
		41EBDD022F37FD8C00BEABB8 /* Build configuration list for PBXNativeTarget "CaskHub" */ = {
			isa = XCConfigurationList;
			buildConfigurations = (
				41EBDD032F37FD8C00BEABB8 /* Debug */,
				41EBDD042F37FD8C00BEABB8 /* Release */,
			);
			defaultConfigurationIsVisible = 0;
			defaultConfigurationName = Release;
		};
		41EBDD052F37FD8C00BEABB8 /* Build configuration list for PBXNativeTarget "CaskHubTests" */ = {
			isa = XCConfigurationList;
			buildConfigurations = (
				41EBDD062F37FD8C00BEABB8 /* Debug */,
				41EBDD072F37FD8C00BEABB8 /* Release */,
			);
			defaultConfigurationIsVisible = 0;
			defaultConfigurationName = Release;
		};
/* End XCConfigurationList section */

/* Begin XCRemoteSwiftPackageReference section */
		41AD10012F68A00100BEABB8 /* XCRemoteSwiftPackageReference "SwiftSDK" */ = {
			isa = XCRemoteSwiftPackageReference;
			repositoryURL = "https://github.com/TelemetryDeck/SwiftSDK";
			requirement = {
				kind = upToNextMajorVersion;
				minimumVersion = 2.0.0;
			};
		};
		41AD10102F68B00100BEABB8 /* XCRemoteSwiftPackageReference "sentry-cocoa" */ = {
			isa = XCRemoteSwiftPackageReference;
			repositoryURL = "https://github.com/getsentry/sentry-cocoa";
			requirement = {
				kind = upToNextMajorVersion;
				minimumVersion = 9.0.0;
			};
		};
		41AD10202F68C00100BEABB8 /* XCRemoteSwiftPackageReference "Sparkle" */ = {
			isa = XCRemoteSwiftPackageReference;
			repositoryURL = "https://github.com/sparkle-project/Sparkle";
			requirement = {
				kind = upToNextMajorVersion;
				minimumVersion = 2.9.4;
			};
		};
/* End XCRemoteSwiftPackageReference section */

/* Begin XCSwiftPackageProductDependency section */
		41AD10022F68A00200BEABB8 /* TelemetryDeck */ = {
			isa = XCSwiftPackageProductDependency;
			package = 41AD10012F68A00100BEABB8 /* XCRemoteSwiftPackageReference "SwiftSDK" */;
			productName = TelemetryDeck;
		};
		41AD10112F68B00200BEABB8 /* Sentry */ = {
			isa = XCSwiftPackageProductDependency;
			package = 41AD10102F68B00100BEABB8 /* XCRemoteSwiftPackageReference "sentry-cocoa" */;
			productName = Sentry;
		};
		41AD10212F68C00200BEABB8 /* Sparkle */ = {
			isa = XCSwiftPackageProductDependency;
			package = 41AD10202F68C00100BEABB8 /* XCRemoteSwiftPackageReference "Sparkle" */;
			productName = Sparkle;
		};
/* End XCSwiftPackageProductDependency section */
	};
	rootObject = 41EBDCD92F37FD8B00BEABB8 /* Project object */;
}
