{
  "originHash" : "0a5ddbdee795bdcc9c00c92d9ed9a94dd67c6a7cc19bc8c2ae8f41d09035cc08",
  "pins" : [
    {
      "identity" : "sentry-cocoa",
      "kind" : "remoteSourceControl",
      "location" : "https://github.com/getsentry/sentry-cocoa",
      "state" : {
        "revision" : "53eb9bd5da18e208cfd80e86863d3f4c7ba21b1d",
        "version" : "9.21.0"
      }
    },
    {
      "identity" : "swiftsdk",
      "kind" : "remoteSourceControl",
      "location" : "https://github.com/TelemetryDeck/SwiftSDK",
      "state" : {
        "revision" : "ad4a03ec7ea7416a4081370f21c86e55b02a5b88",
        "version" : "2.14.1"
      }
    }
  ],
  "version" : 3
}
